// !$*UTF8*$!
{
	archiveVersion = 1;
	classes = {
	};
	objectVersion = 50;
	objects = {

/* Begin PBXBuildFile section */
		3F1A5288264B703F00872D8B /* AppDelegate.swift in Sources */ = {isa = PBXBuildFile; fileRef = 3F1A5287264B703F00872D8B /* AppDelegate.swift */; };
		3F1A528A264B703F00872D8B /* SceneDelegate.swift in Sources */ = {isa = PBXBuildFile; fileRef = 3F1A5289264B703F00872D8B /* SceneDelegate.swift */; };
		3F1A528C264B703F00872D8B /* ViewController.swift in Sources */ = {isa = PBXBuildFile; fileRef = 3F1A528B264B703F00872D8B /* ViewController.swift */; };
		3F1A528F264B703F00872D8B /* Main.storyboard in Resources */ = {isa = PBXBuildFile; fileRef = 3F1A528D264B703F00872D8B /* Main.storyboard */; };
		3F1A5291264B704000872D8B /* Assets.xcassets in Resources */ = {isa = PBXBuildFile; fileRef = 3F1A5290264B704000872D8B /* Assets.xcassets */; };
		3F1A5294264B704000872D8B /* LaunchScreen.storyboard in Resources */ = {isa = PBXBuildFile; fileRef = 3F1A5292264B704000872D8B /* LaunchScreen.storyboard */; };
		3F1A529F264B704000872D8B /* RecordTests.swift in Sources */ = {isa = PBXBuildFile; fileRef = 3F1A529E264B704000872D8B /* RecordTests.swift */; };
		3F1A52AA264B704000872D8B /* RecordUITests.swift in Sources */ = {isa = PBXBuildFile; fileRef = 3F1A52A9264B704000872D8B /* RecordUITests.swift */; };
/* End PBXBuildFile section */

/* Begin PBXContainerItemProxy section */
		3F1A529B264B704000872D8B /* PBXContainerItemProxy */ = {
			isa = PBXContainerItemProxy;
			containerPortal = 3F1A527C264B703F00872D8B /* Project object */;
			proxyType = 1;
			remoteGlobalIDString = 3F1A5283264B703F00872D8B;
			remoteInfo = Record;
		};
		3F1A52A6264B704000872D8B /* PBXContainerItemProxy */ = {
			isa = PBXContainerItemProxy;
			containerPortal = 3F1A527C264B703F00872D8B /* Project object */;
			proxyType = 1;
			remoteGlobalIDString = 3F1A5283264B703F00872D8B;
			remoteInfo = Record;
		};
/* End PBXContainerItemProxy section */

/* Begin PBXFileReference section */
		3F1A5284264B703F00872D8B /* Record.app */ = {isa = PBXFileReference; explicitFileType = wrapper.application; includeInIndex = 0; path = Record.app; sourceTree = BUILT_PRODUCTS_DIR; };
		3F1A5287264B703F00872D8B /* AppDelegate.swift */ = {isa = PBXFileReference; lastKnownFileType = sourcecode.swift; path = AppDelegate.swift; sourceTree = "<group>"; };
		3F1A5289264B703F00872D8B /* SceneDelegate.swift */ = {isa = PBXFileReference; lastKnownFileType = sourcecode.swift; path = SceneDelegate.swift; sourceTree = "<group>"; };
		3F1A528B264B703F00872D8B /* ViewController.swift */ = {isa = PBXFileReference; lastKnownFileType = sourcecode.swift; path = ViewController.swift; sourceTree = "<group>"; };
		3F1A528E264B703F00872D8B /* Base */ = {isa = PBXFileReference; lastKnownFileType = file.storyboard; name = Base; path = Base.lproj/Main.storyboard; sourceTree = "<group>"; };
		3F1A5290264B704000872D8B /* Assets.xcassets */ = {isa = PBXFileReference; lastKnownFileType = folder.assetcatalog; path = Assets.xcassets; sourceTree = "<group>"; };
		3F1A5293264B704000872D8B /* Base */ = {isa = PBXFileReference; lastKnownFileType = file.storyboard; name = Base; path = Base.lproj/LaunchScreen.storyboard; sourceTree = "<group>"; };
		3F1A5295264B704000872D8B /* Info.plist */ = {isa = PBXFileReference; lastKnownFileType = text.plist.xml; path = Info.plist; sourceTree = "<group>"; };
		3F1A529A264B704000872D8B /* RecordTests.xctest */ = {isa = PBXFileReference; explicitFileType = wrapper.cfbundle; includeInIndex = 0; path = RecordTests.xctest; sourceTree = BUILT_PRODUCTS_DIR; };
		3F1A529E264B704000872D8B /* RecordTests.swift */ = {isa = PBXFileReference; lastKnownFileType = sourcecode.swift; path = RecordTests.swift; sourceTree = "<group>"; };
		3F1A52A0264B704000872D8B /* Info.plist */ = {isa = PBXFileReference; lastKnownFileType = text.plist.xml; path = Info.plist; sourceTree = "<group>"; };
		3F1A52A5264B704000872D8B /* RecordUITests.xctest */ = {isa = PBXFileReference; explicitFileType = wrapper.cfbundle; includeInIndex = 0; path = RecordUITests.xctest; sourceTree = BUILT_PRODUCTS_DIR; };
		3F1A52A9264B704000872D8B /* RecordUITests.swift */ = {isa = PBXFileReference; lastKnownFileType = sourcecode.swift; path = RecordUITests.swift; sourceTree = "<group>"; };
		3F1A52AB264B704000872D8B /* Info.plist */ = {isa = PBXFileReference; lastKnownFileType = text.plist.xml; path = Info.plist; sourceTree = "<group>"; };
/* End PBXFileReference section */

/* Begin PBXFrameworksBuildPhase section */
		3F1A5281264B703F00872D8B /* Frameworks */ = {
			isa = PBXFrameworksBuildPhase;
			buildActionMask = 2147483647;
			files = (
			);
			runOnlyForDeploymentPostprocessing = 0;
		};
		3F1A5297264B704000872D8B /* Frameworks */ = {
			isa = PBXFrameworksBuildPhase;
			buildActionMask = 2147483647;
			files = (
			);
			runOnlyForDeploymentPostprocessing = 0;
		};
		3F1A52A2264B704000872D8B /* Frameworks */ = {
			isa = PBXFrameworksBuildPhase;
			buildActionMask = 2147483647;
			files = (
			);
			runOnlyForDeploymentPostprocessing = 0;
		};
/* End PBXFrameworksBuildPhase section */

/* Begin PBXGroup section */
		3F1A527B264B703F00872D8B = {
			isa = PBXGroup;
			children = (
				3F1A5286264B703F00872D8B /* Record */,
				3F1A529D264B704000872D8B /* RecordTests */,
				3F1A52A8264B704000872D8B /* RecordUITests */,
				3F1A5285264B703F00872D8B /* Products */,
			);
			sourceTree = "<group>";
		};
		3F1A5285264B703F00872D8B /* Products */ = {
			isa = PBXGroup;
			children = (
				3F1A5284264B703F00872D8B /* Record.app */,
				3F1A529A264B704000872D8B /* RecordTests.xctest */,
				3F1A52A5264B704000872D8B /* RecordUITests.xctest */,
			);
			name = Products;
			sourceTree = "<group>";
		};
		3F1A5286264B703F00872D8B /* Record */ = {
			isa = PBXGroup;
			children = (
				3F1A5287264B703F00872D8B /* AppDelegate.swift */,
				3F1A5289264B703F00872D8B /* SceneDelegate.swift */,
				3F1A528B264B703F00872D8B /* ViewController.swift */,
				3F1A528D264B703F00872D8B /* Main.storyboard */,
				3F1A5290264B704000872D8B /* Assets.xcassets */,
				3F1A5292264B704000872D8B /* LaunchScreen.storyboard */,
				3F1A5295264B704000872D8B /* Info.plist */,
			);
			path = Record;
			sourceTree = "<group>";
		};
		3F1A529D264B704000872D8B /* RecordTests */ = {
			isa = PBXGroup;
			children = (
				3F1A529E264B704000872D8B /* RecordTests.swift */,
				3F1A52A0264B704000872D8B /* Info.plist */,
			);
			path = RecordTests;
			sourceTree = "<group>";
		};
		3F1A52A8264B704000872D8B /* RecordUITests */ = {
			isa = PBXGroup;
			children = (
				3F1A52A9264B704000872D8B /* RecordUITests.swift */,
				3F1A52AB264B704000872D8B /* Info.plist */,
			);
			path = RecordUITests;
			sourceTree = "<group>";
		};
/* End PBXGroup section */

/* Begin PBXNativeTarget section */
		3F1A5283264B703F00872D8B /* Record */ = {
			isa = PBXNativeTarget;
			buildConfigurationList = 3F1A52AE264B704000872D8B /* Build configuration list for PBXNativeTarget "Record" */;
			buildPhases = (
				3F1A5280264B703F00872D8B /* Sources */,
				3F1A5281264B703F00872D8B /* Frameworks */,
				3F1A5282264B703F00872D8B /* Resources */,
			);
			buildRules = (
			);
			dependencies = (
			);
			name = Record;
			productName = Record;
			productReference = 3F1A5284264B703F00872D8B /* Record.app */;
			productType = "com.apple.product-type.application";
		};
		3F1A5299264B704000872D8B /* RecordTests */ = {
			isa = PBXNativeTarget;
			buildConfigurationList = 3F1A52B1264B704000872D8B /* Build configuration list for PBXNativeTarget "RecordTests" */;
			buildPhases = (
				3F1A5296264B704000872D8B /* Sources */,
				3F1A5297264B704000872D8B /* Frameworks */,
				3F1A5298264B704000872D8B /* Resources */,
			);
			buildRules = (
			);
			dependencies = (
				3F1A529C264B704000872D8B /* PBXTargetDependency */,
			);
			name = RecordTests;
			productName = RecordTests;
			productReference = 3F1A529A264B704000872D8B /* RecordTests.xctest */;
			productType = "com.apple.product-type.bundle.unit-test";
		};
		3F1A52A4264B704000872D8B /* RecordUITests */ = {
			isa = PBXNativeTarget;
			buildConfigurationList = 3F1A52B4264B704000872D8B /* Build configuration list for PBXNativeTarget "RecordUITests" */;
			buildPhases = (
				3F1A52A1264B704000872D8B /* Sources */,
				3F1A52A2264B704000872D8B /* Frameworks */,
				3F1A52A3264B704000872D8B /* Resources */,
			);
			buildRules = (
			);
			dependencies = (
				3F1A52A7264B704000872D8B /* PBXTargetDependency */,
			);
			name = RecordUITests;
			productName = RecordUITests;
			productReference = 3F1A52A5264B704000872D8B /* RecordUITests.xctest */;
			productType = "com.apple.product-type.bundle.ui-testing";
		};
/* End PBXNativeTarget section */

/* Begin PBXProject section */
		3F1A527C264B703F00872D8B /* Project object */ = {
			isa = PBXProject;
			attributes = {
				LastSwiftUpdateCheck = 1240;
				LastUpgradeCheck = 1240;
				TargetAttributes = {
					3F1A5283264B703F00872D8B = {
						CreatedOnToolsVersion = 12.4;
					};
					3F1A5299264B704000872D8B = {
						CreatedOnToolsVersion = 12.4;
						TestTargetID = 3F1A5283264B703F00872D8B;
					};
					3F1A52A4264B704000872D8B = {
						CreatedOnToolsVersion = 12.4;
						TestTargetID = 3F1A5283264B703F00872D8B;
					};
				};
			};
			buildConfigurationList = 3F1A527F264B703F00872D8B /* Build configuration list for PBXProject "Record" */;
			compatibilityVersion = "Xcode 9.3";
			developmentRegion = en;
			hasScannedForEncodings = 0;
			knownRegions = (
				en,
				Base,
			);
			mainGroup = 3F1A527B264B703F00872D8B;
			productRefGroup = 3F1A5285264B703F00872D8B /* Products */;
			projectDirPath = "";
			projectRoot = "";
			targets = (
				3F1A5283264B703F00872D8B /* Record */,
				3F1A5299264B704000872D8B /* RecordTests */,
				3F1A52A4264B704000872D8B /* RecordUITests */,
			);
		};
/* End PBXProject section */

/* Begin PBXResourcesBuildPhase section */
		3F1A5282264B703F00872D8B /* Resources */ = {
			isa = PBXResourcesBuildPhase;
			buildActionMask = 2147483647;
			files = (
				3F1A5294264B704000872D8B /* LaunchScreen.storyboard in Resources */,
				3F1A5291264B704000872D8B /* Assets.xcassets in Resources */,
				3F1A528F264B703F00872D8B /* Main.storyboard in Resources */,
			);
			runOnlyForDeploymentPostprocessing = 0;
		};
		3F1A5298264B704000872D8B /* Resources */ = {
			isa = PBXResourcesBuildPhase;
			buildActionMask = 2147483647;
			files = (
			);
			runOnlyForDeploymentPostprocessing = 0;
		};
		3F1A52A3264B704000872D8B /* Resources */ = {
			isa = PBXResourcesBuildPhase;
			buildActionMask = 2147483647;
			files = (
			);
			runOnlyForDeploymentPostprocessing = 0;
		};
/* End PBXResourcesBuildPhase section */

/* Begin PBXSourcesBuildPhase section */
		3F1A5280264B703F00872D8B /* Sources */ = {
			isa = PBXSourcesBuildPhase;
			buildActionMask = 2147483647;
			files = (
				3F1A528C264B703F00872D8B /* ViewController.swift in Sources */,
				3F1A5288264B703F00872D8B /* AppDelegate.swift in Sources */,
				3F1A528A264B703F00872D8B /* SceneDelegate.swift in Sources */,
			);
			runOnlyForDeploymentPostprocessing = 0;
		};
		3F1A5296264B704000872D8B /* Sources */ = {
			isa = PBXSourcesBuildPhase;
			buildActionMask = 2147483647;
			files = (
				3F1A529F264B704000872D8B /* RecordTests.swift in Sources */,
			);
			runOnlyForDeploymentPostprocessing = 0;
		};
		3F1A52A1264B704000872D8B /* Sources */ = {
			isa = PBXSourcesBuildPhase;
			buildActionMask = 2147483647;
			files = (
				3F1A52AA264B704000872D8B /* RecordUITests.swift in Sources */,
			);
			runOnlyForDeploymentPostprocessing = 0;
		};
/* End PBXSourcesBuildPhase section */

/* Begin PBXTargetDependency section */
		3F1A529C264B704000872D8B /* PBXTargetDependency */ = {
			isa = PBXTargetDependency;
			target = 3F1A5283264B703F00872D8B /* Record */;
			targetProxy = 3F1A529B264B704000872D8B /* PBXContainerItemProxy */;
		};
		3F1A52A7264B704000872D8B /* PBXTargetDependency */ = {
			isa = PBXTargetDependency;
			target = 3F1A5283264B703F00872D8B /* Record */;
			targetProxy = 3F1A52A6264B704000872D8B /* PBXContainerItemProxy */;
		};
/* End PBXTargetDependency section */

/* Begin PBXVariantGroup section */
		3F1A528D264B703F00872D8B /* Main.storyboard */ = {
			isa = PBXVariantGroup;
			children = (
				3F1A528E264B703F00872D8B /* Base */,
			);
			name = Main.storyboard;
			sourceTree = "<group>";
		};
		3F1A5292264B704000872D8B /* LaunchScreen.storyboard */ = {
			isa = PBXVariantGroup;
			children = (
				3F1A5293264B704000872D8B /* Base */,
			);
			name = LaunchScreen.storyboard;
			sourceTree = "<group>";
		};
/* End PBXVariantGroup section */

/* Begin XCBuildConfiguration section */
		3F1A52AC264B704000872D8B /* Debug */ = {
			isa = XCBuildConfiguration;
			buildSettings = {
				ALWAYS_SEARCH_USER_PATHS = NO;
				CLANG_ANALYZER_NONNULL = YES;
				CLANG_ANALYZER_NUMBER_OBJECT_CONVERSION = YES_AGGRESSIVE;
				CLANG_CXX_LANGUAGE_STANDARD = "gnu++14";
				CLANG_CXX_LIBRARY = "libc++";
				CLANG_ENABLE_MODULES = YES;
				CLANG_ENABLE_OBJC_ARC = YES;
				CLANG_ENABLE_OBJC_WEAK = YES;
				CLANG_WARN_BLOCK_CAPTURE_AUTORELEASING = YES;
				CLANG_WARN_BOOL_CONVERSION = YES;
				CLANG_WARN_COMMA = YES;
				CLANG_WARN_CONSTANT_CONVERSION = YES;
				CLANG_WARN_DEPRECATED_OBJC_IMPLEMENTATIONS = YES;
				CLANG_WARN_DIRECT_OBJC_ISA_USAGE = YES_ERROR;
				CLANG_WARN_DOCUMENTATION_COMMENTS = YES;
				CLANG_WARN_EMPTY_BODY = YES;
				CLANG_WARN_ENUM_CONVERSION = YES;
				CLANG_WARN_INFINITE_RECURSION = YES;
				CLANG_WARN_INT_CONVERSION = YES;
				CLANG_WARN_NON_LITERAL_NULL_CONVERSION = YES;
				CLANG_WARN_OBJC_IMPLICIT_RETAIN_SELF = YES;
				CLANG_WARN_OBJC_LITERAL_CONVERSION = YES;
				CLANG_WARN_OBJC_ROOT_CLASS = YES_ERROR;
				CLANG_WARN_QUOTED_INCLUDE_IN_FRAMEWORK_HEADER = YES;
				CLANG_WARN_RANGE_LOOP_ANALYSIS = YES;
				CLANG_WARN_STRICT_PROTOTYPES = YES;
				CLANG_WARN_SUSPICIOUS_MOVE = YES;
				CLANG_WARN_UNGUARDED_AVAILABILITY = YES_AGGRESSIVE;
				CLANG_WARN_UNREACHABLE_CODE = YES;
				CLANG_WARN__DUPLICATE_METHOD_MATCH = YES;
				COPY_PHASE_STRIP = NO;
				DEBUG_INFORMATION_FORMAT = dwarf;
				ENABLE_STRICT_OBJC_MSGSEND = YES;
				ENABLE_TESTABILITY = YES;
				GCC_C_LANGUAGE_STANDARD = gnu11;
				GCC_DYNAMIC_NO_PIC = NO;
				GCC_NO_COMMON_BLOCKS = YES;
				GCC_OPTIMIZATION_LEVEL = 0;
				GCC_PREPROCESSOR_DEFINITIONS = (
					"DEBUG=1",
					"$(inherited)",
				);
				GCC_WARN_64_TO_32_BIT_CONVERSION = YES;
				GCC_WARN_ABOUT_RETURN_TYPE = YES_ERROR;
				GCC_WARN_UNDECLARED_SELECTOR = YES;
				GCC_WARN_UNINITIALIZED_AUTOS = YES_AGGRESSIVE;
				GCC_WARN_UNUSED_FUNCTION = YES;
				GCC_WARN_UNUSED_VARIABLE = YES;
				IPHONEOS_DEPLOYMENT_TARGET = 14.4;
				MTL_ENABLE_DEBUG_INFO = INCLUDE_SOURCE;
				MTL_FAST_MATH = YES;
				ONLY_ACTIVE_ARCH = YES;
				SDKROOT = iphoneos;
				SWIFT_ACTIVE_COMPILATION_CONDITIONS = DEBUG;
				SWIFT_OPTIMIZATION_LEVEL = "-Onone";
			};
			name = Debug;
		};
		3F1A52AD264B704000872D8B /* Release */ = {
			isa = XCBuildConfiguration;
			buildSettings = {
				ALWAYS_SEARCH_USER_PATHS = NO;
				CLANG_ANALYZER_NONNULL = YES;
				CLANG_ANALYZER_NUMBER_OBJECT_CONVERSION = YES_AGGRESSIVE;
				CLANG_CXX_LANGUAGE_STANDARD = "gnu++14";
				CLANG_CXX_LIBRARY = "libc++";
				CLANG_ENABLE_MODULES = YES;
				CLANG_ENABLE_OBJC_ARC = YES;
				CLANG_ENABLE_OBJC_WEAK = YES;
				CLANG_WARN_BLOCK_CAPTURE_AUTORELEASING = YES;
				CLANG_WARN_BOOL_CONVERSION = YES;
				CLANG_WARN_COMMA = YES;
				CLANG_WARN_CONSTANT_CONVERSION = YES;
				CLANG_WARN_DEPRECATED_OBJC_IMPLEMENTATIONS = YES;
				CLANG_WARN_DIRECT_OBJC_ISA_USAGE = YES_ERROR;
				CLANG_WARN_DOCUMENTATION_COMMENTS = YES;
				CLANG_WARN_EMPTY_BODY = YES;
				CLANG_WARN_ENUM_CONVERSION = YES;
				CLANG_WARN_INFINITE_RECURSION = YES;
				CLANG_WARN_INT_CONVERSION = YES;
				CLANG_WARN_NON_LITERAL_NULL_CONVERSION = YES;
				CLANG_WARN_OBJC_IMPLICIT_RETAIN_SELF = YES;
				CLANG_WARN_OBJC_LITERAL_CONVERSION = YES;
				CLANG_WARN_OBJC_ROOT_CLASS = YES_ERROR;
				CLANG_WARN_QUOTED_INCLUDE_IN_FRAMEWORK_HEADER = YES;
				CLANG_WARN_RANGE_LOOP_ANALYSIS = YES;
				CLANG_WARN_STRICT_PROTOTYPES = YES;
				CLANG_WARN_SUSPICIOUS_MOVE = YES;
				CLANG_WARN_UNGUARDED_AVAILABILITY = YES_AGGRESSIVE;
				CLANG_WARN_UNREACHABLE_CODE = YES;
				CLANG_WARN__DUPLICATE_METHOD_MATCH = YES;
				COPY_PHASE_STRIP = NO;
				DEBUG_INFORMATION_FORMAT = "dwarf-with-dsym";
				ENABLE_NS_ASSERTIONS = NO;
				ENABLE_STRICT_OBJC_MSGSEND = YES;
				GCC_C_LANGUAGE_STANDARD = gnu11;
				GCC_NO_COMMON_BLOCKS = YES;
				GCC_WARN_64_TO_32_BIT_CONVERSION = YES;
				GCC_WARN_ABOUT_RETURN_TYPE = YES_ERROR;
				GCC_WARN_UNDECLARED_SELECTOR = YES;
				GCC_WARN_UNINITIALIZED_AUTOS = YES_AGGRESSIVE;
				GCC_WARN_UNUSED_FUNCTION = YES;
				GCC_WARN_UNUSED_VARIABLE = YES;
				IPHONEOS_DEPLOYMENT_TARGET = 14.4;
				MTL_ENABLE_DEBUG_INFO = NO;
				MTL_FAST_MATH = YES;
				SDKROOT = iphoneos;
				SWIFT_COMPILATION_MODE = wholemodule;
				SWIFT_OPTIMIZATION_LEVEL = "-O";
				VALIDATE_PRODUCT = YES;
			};
			name = Release;
		};
		3F1A52AF264B704000872D8B /* Debug */ = {
			isa = XCBuildConfiguration;
			buildSettings = {
				ASSETCATALOG_COMPILER_APPICON_NAME = AppIcon;
				ASSETCATALOG_COMPILER_GLOBAL_ACCENT_COLOR_NAME = AccentColor;
				CODE_SIGN_STYLE = Automatic;
				INFOPLIST_FILE = Record/Info.plist;
				LD_RUNPATH_SEARCH_PATHS = (
					"$(inherited)",
					"@executable_path/Frameworks",
				);
				PRODUCT_BUNDLE_IDENTIFIER = "-23456.Record";
				PRODUCT_NAME = "$(TARGET_NAME)";
				SWIFT_VERSION = 5.0;
				TARGETED_DEVICE_FAMILY = "1,2";
			};
			name = Debug;
		};
		3F1A52B0264B704000872D8B /* Release */ = {
			isa = XCBuildConfiguration;
			buildSettings = {
				ASSETCATALOG_COMPILER_APPICON_NAME = AppIcon;
				ASSETCATALOG_COMPILER_GLOBAL_ACCENT_COLOR_NAME = AccentColor;
				CODE_SIGN_STYLE = Automatic;
				INFOPLIST_FILE = Record/Info.plist;
				LD_RUNPATH_SEARCH_PATHS = (
					"$(inherited)",
					"@executable_path/Frameworks",
				);
				PRODUCT_BUNDLE_IDENTIFIER = "-23456.Record";
				PRODUCT_NAME = "$(TARGET_NAME)";
				SWIFT_VERSION = 5.0;
				TARGETED_DEVICE_FAMILY = "1,2";
			};
			name = Release;
		};
		3F1A52B2264B704000872D8B /* Debug */ = {
			isa = XCBuildConfiguration;
			buildSettings = {
				ALWAYS_EMBED_SWIFT_STANDARD_LIBRARIES = YES;
				BUNDLE_LOADER = "$(TEST_HOST)";
				CODE_SIGN_STYLE = Automatic;
				INFOPLIST_FILE = RecordTests/Info.plist;
				IPHONEOS_DEPLOYMENT_TARGET = 14.4;
				LD_RUNPATH_SEARCH_PATHS = (
					"$(inherited)",
					"@executable_path/Frameworks",
					"@loader_path/Frameworks",
				);
				PRODUCT_BUNDLE_IDENTIFIER = "-23456.RecordTests";
				PRODUCT_NAME = "$(TARGET_NAME)";
				SWIFT_VERSION = 5.0;
				TARGETED_DEVICE_FAMILY = "1,2";
				TEST_HOST = "$(BUILT_PRODUCTS_DIR)/Record.app/Record";
			};
			name = Debug;
		};
		3F1A52B3264B704000872D8B /* Release */ = {
			isa = XCBuildConfiguration;
			buildSettings = {
				ALWAYS_EMBED_SWIFT_STANDARD_LIBRARIES = YES;
				BUNDLE_LOADER = "$(TEST_HOST)";
				CODE_SIGN_STYLE = Automatic;
				INFOPLIST_FILE = RecordTests/Info.plist;
				IPHONEOS_DEPLOYMENT_TARGET = 14.4;
				LD_RUNPATH_SEARCH_PATHS = (
					"$(inherited)",
					"@executable_path/Frameworks",
					"@loader_path/Frameworks",
				);
				PRODUCT_BUNDLE_IDENTIFIER = "-23456.RecordTests";
				PRODUCT_NAME = "$(TARGET_NAME)";
				SWIFT_VERSION = 5.0;
				TARGETED_DEVICE_FAMILY = "1,2";
				TEST_HOST = "$(BUILT_PRODUCTS_DIR)/Record.app/Record";
			};
			name = Release;
		};
		3F1A52B5264B704000872D8B /* Debug */ = {
			isa = XCBuildConfiguration;
			buildSettings = {
				ALWAYS_EMBED_SWIFT_STANDARD_LIBRARIES = YES;
				CODE_SIGN_STYLE = Automatic;
				INFOPLIST_FILE = RecordUITests/Info.plist;
				LD_RUNPATH_SEARCH_PATHS = (
					"$(inherited)",
					"@executable_path/Frameworks",
					"@loader_path/Frameworks",
				);
				PRODUCT_BUNDLE_IDENTIFIER = "-23456.RecordUITests";
				PRODUCT_NAME = "$(TARGET_NAME)";
				SWIFT_VERSION = 5.0;
				TARGETED_DEVICE_FAMILY = "1,2";
				TEST_TARGET_NAME = Record;
			};
			name = Debug;
		};
		3F1A52B6264B704000872D8B /* Release */ = {
			isa = XCBuildConfiguration;
			buildSettings = {
				ALWAYS_EMBED_SWIFT_STANDARD_LIBRARIES = YES;
				CODE_SIGN_STYLE = Automatic;
				INFOPLIST_FILE = RecordUITests/Info.plist;
				LD_RUNPATH_SEARCH_PATHS = (
					"$(inherited)",
					"@executable_path/Frameworks",
					"@loader_path/Frameworks",
				);
				PRODUCT_BUNDLE_IDENTIFIER = "-23456.RecordUITests";
				PRODUCT_NAME = "$(TARGET_NAME)";
				SWIFT_VERSION = 5.0;
				TARGETED_DEVICE_FAMILY = "1,2";
				TEST_TARGET_NAME = Record;
			};
			name = Release;
		};
/* End XCBuildConfiguration section */

/* Begin XCConfigurationList section */
		3F1A527F264B703F00872D8B /* Build configuration list for PBXProject "Record" */ = {
			isa = XCConfigurationList;
			buildConfigurations = (
				3F1A52AC264B704000872D8B /* Debug */,
				3F1A52AD264B704000872D8B /* Release */,
			);
			defaultConfigurationIsVisible = 0;
			defaultConfigurationName = Release;
		};
		3F1A52AE264B704000872D8B /* Build configuration list for PBXNativeTarget "Record" */ = {
			isa = XCConfigurationList;
			buildConfigurations = (
				3F1A52AF264B704000872D8B /* Debug */,
				3F1A52B0264B704000872D8B /* Release */,
			);
			defaultConfigurationIsVisible = 0;
			defaultConfigurationName = Release;
		};
		3F1A52B1264B704000872D8B /* Build configuration list for PBXNativeTarget "RecordTests" */ = {
			isa = XCConfigurationList;
			buildConfigurations = (
				3F1A52B2264B704000872D8B /* Debug */,
				3F1A52B3264B704000872D8B /* Release */,
			);
			defaultConfigurationIsVisible = 0;
			defaultConfigurationName = Release;
		};
		3F1A52B4264B704000872D8B /* Build configuration list for PBXNativeTarget "RecordUITests" */ = {
			isa = XCConfigurationList;
			buildConfigurations = (
				3F1A52B5264B704000872D8B /* Debug */,
				3F1A52B6264B704000872D8B /* Release */,
			);
			defaultConfigurationIsVisible = 0;
			defaultConfigurationName = Release;
		};
/* End XCConfigurationList section */
	};
	rootObject = 3F1A527C264B703F00872D8B /* Project object */;
}
