// !$*UTF8*$!
{
	archiveVersion = 1;
	classes = {
	};
	objectVersion = 50;
	objects = {

/* Begin PBXBuildFile section */
		3F536AEE262689CF00BAAAF0 /* AppDelegate.swift in Sources */ = {isa = PBXBuildFile; fileRef = 3F536AED262689CF00BAAAF0 /* AppDelegate.swift */; };
		3F536AF0262689CF00BAAAF0 /* SceneDelegate.swift in Sources */ = {isa = PBXBuildFile; fileRef = 3F536AEF262689CF00BAAAF0 /* SceneDelegate.swift */; };
		3F536AF2262689CF00BAAAF0 /* ViewController.swift in Sources */ = {isa = PBXBuildFile; fileRef = 3F536AF1262689CF00BAAAF0 /* ViewController.swift */; };
		3F536AF5262689CF00BAAAF0 /* Main.storyboard in Resources */ = {isa = PBXBuildFile; fileRef = 3F536AF3262689CF00BAAAF0 /* Main.storyboard */; };
		3F536AF7262689D000BAAAF0 /* Assets.xcassets in Resources */ = {isa = PBXBuildFile; fileRef = 3F536AF6262689D000BAAAF0 /* Assets.xcassets */; };
		3F536AFA262689D000BAAAF0 /* LaunchScreen.storyboard in Resources */ = {isa = PBXBuildFile; fileRef = 3F536AF8262689D000BAAAF0 /* LaunchScreen.storyboard */; };
		3F536B05262689D000BAAAF0 /* upLoadTests.swift in Sources */ = {isa = PBXBuildFile; fileRef = 3F536B04262689D000BAAAF0 /* upLoadTests.swift */; };
		3F536B10262689D000BAAAF0 /* upLoadUITests.swift in Sources */ = {isa = PBXBuildFile; fileRef = 3F536B0F262689D000BAAAF0 /* upLoadUITests.swift */; };
		3F536B2126268A9E00BAAAF0 /* cat.jpg in Resources */ = {isa = PBXBuildFile; fileRef = 3F536B2026268A9E00BAAAF0 /* cat.jpg */; };
/* End PBXBuildFile section */

/* Begin PBXContainerItemProxy section */
		3F536B01262689D000BAAAF0 /* PBXContainerItemProxy */ = {
			isa = PBXContainerItemProxy;
			containerPortal = 3F536AE2262689CF00BAAAF0 /* Project object */;
			proxyType = 1;
			remoteGlobalIDString = 3F536AE9262689CF00BAAAF0;
			remoteInfo = upLoad;
		};
		3F536B0C262689D000BAAAF0 /* PBXContainerItemProxy */ = {
			isa = PBXContainerItemProxy;
			containerPortal = 3F536AE2262689CF00BAAAF0 /* Project object */;
			proxyType = 1;
			remoteGlobalIDString = 3F536AE9262689CF00BAAAF0;
			remoteInfo = upLoad;
		};
/* End PBXContainerItemProxy section */

/* Begin PBXFileReference section */
		3F536AEA262689CF00BAAAF0 /* upLoad.app */ = {isa = PBXFileReference; explicitFileType = wrapper.application; includeInIndex = 0; path = upLoad.app; sourceTree = BUILT_PRODUCTS_DIR; };
		3F536AED262689CF00BAAAF0 /* AppDelegate.swift */ = {isa = PBXFileReference; lastKnownFileType = sourcecode.swift; path = AppDelegate.swift; sourceTree = "<group>"; };
		3F536AEF262689CF00BAAAF0 /* SceneDelegate.swift */ = {isa = PBXFileReference; lastKnownFileType = sourcecode.swift; path = SceneDelegate.swift; sourceTree = "<group>"; };
		3F536AF1262689CF00BAAAF0 /* ViewController.swift */ = {isa = PBXFileReference; lastKnownFileType = sourcecode.swift; path = ViewController.swift; sourceTree = "<group>"; };
		3F536AF4262689CF00BAAAF0 /* Base */ = {isa = PBXFileReference; lastKnownFileType = file.storyboard; name = Base; path = Base.lproj/Main.storyboard; sourceTree = "<group>"; };
		3F536AF6262689D000BAAAF0 /* Assets.xcassets */ = {isa = PBXFileReference; lastKnownFileType = folder.assetcatalog; path = Assets.xcassets; sourceTree = "<group>"; };
		3F536AF9262689D000BAAAF0 /* Base */ = {isa = PBXFileReference; lastKnownFileType = file.storyboard; name = Base; path = Base.lproj/LaunchScreen.storyboard; sourceTree = "<group>"; };
		3F536AFB262689D000BAAAF0 /* Info.plist */ = {isa = PBXFileReference; lastKnownFileType = text.plist.xml; path = Info.plist; sourceTree = "<group>"; };
		3F536B00262689D000BAAAF0 /* upLoadTests.xctest */ = {isa = PBXFileReference; explicitFileType = wrapper.cfbundle; includeInIndex = 0; path = upLoadTests.xctest; sourceTree = BUILT_PRODUCTS_DIR; };
		3F536B04262689D000BAAAF0 /* upLoadTests.swift */ = {isa = PBXFileReference; lastKnownFileType = sourcecode.swift; path = upLoadTests.swift; sourceTree = "<group>"; };
		3F536B06262689D000BAAAF0 /* Info.plist */ = {isa = PBXFileReference; lastKnownFileType = text.plist.xml; path = Info.plist; sourceTree = "<group>"; };
		3F536B0B262689D000BAAAF0 /* upLoadUITests.xctest */ = {isa = PBXFileReference; explicitFileType = wrapper.cfbundle; includeInIndex = 0; path = upLoadUITests.xctest; sourceTree = BUILT_PRODUCTS_DIR; };
		3F536B0F262689D000BAAAF0 /* upLoadUITests.swift */ = {isa = PBXFileReference; lastKnownFileType = sourcecode.swift; path = upLoadUITests.swift; sourceTree = "<group>"; };
		3F536B11262689D000BAAAF0 /* Info.plist */ = {isa = PBXFileReference; lastKnownFileType = text.plist.xml; path = Info.plist; sourceTree = "<group>"; };
		3F536B2026268A9E00BAAAF0 /* cat.jpg */ = {isa = PBXFileReference; lastKnownFileType = image.jpeg; path = cat.jpg; sourceTree = "<group>"; };
/* End PBXFileReference section */

/* Begin PBXFrameworksBuildPhase section */
		3F536AE7262689CF00BAAAF0 /* Frameworks */ = {
			isa = PBXFrameworksBuildPhase;
			buildActionMask = 2147483647;
			files = (
			);
			runOnlyForDeploymentPostprocessing = 0;
		};
		3F536AFD262689D000BAAAF0 /* Frameworks */ = {
			isa = PBXFrameworksBuildPhase;
			buildActionMask = 2147483647;
			files = (
			);
			runOnlyForDeploymentPostprocessing = 0;
		};
		3F536B08262689D000BAAAF0 /* Frameworks */ = {
			isa = PBXFrameworksBuildPhase;
			buildActionMask = 2147483647;
			files = (
			);
			runOnlyForDeploymentPostprocessing = 0;
		};
/* End PBXFrameworksBuildPhase section */

/* Begin PBXGroup section */
		3F536AE1262689CF00BAAAF0 = {
			isa = PBXGroup;
			children = (
				3F536AEC262689CF00BAAAF0 /* upLoad */,
				3F536B03262689D000BAAAF0 /* upLoadTests */,
				3F536B0E262689D000BAAAF0 /* upLoadUITests */,
				3F536AEB262689CF00BAAAF0 /* Products */,
			);
			sourceTree = "<group>";
		};
		3F536AEB262689CF00BAAAF0 /* Products */ = {
			isa = PBXGroup;
			children = (
				3F536AEA262689CF00BAAAF0 /* upLoad.app */,
				3F536B00262689D000BAAAF0 /* upLoadTests.xctest */,
				3F536B0B262689D000BAAAF0 /* upLoadUITests.xctest */,
			);
			name = Products;
			sourceTree = "<group>";
		};
		3F536AEC262689CF00BAAAF0 /* upLoad */ = {
			isa = PBXGroup;
			children = (
				3F536B2026268A9E00BAAAF0 /* cat.jpg */,
				3F536AED262689CF00BAAAF0 /* AppDelegate.swift */,
				3F536AEF262689CF00BAAAF0 /* SceneDelegate.swift */,
				3F536AF1262689CF00BAAAF0 /* ViewController.swift */,
				3F536AF3262689CF00BAAAF0 /* Main.storyboard */,
				3F536AF6262689D000BAAAF0 /* Assets.xcassets */,
				3F536AF8262689D000BAAAF0 /* LaunchScreen.storyboard */,
				3F536AFB262689D000BAAAF0 /* Info.plist */,
			);
			path = upLoad;
			sourceTree = "<group>";
		};
		3F536B03262689D000BAAAF0 /* upLoadTests */ = {
			isa = PBXGroup;
			children = (
				3F536B04262689D000BAAAF0 /* upLoadTests.swift */,
				3F536B06262689D000BAAAF0 /* Info.plist */,
			);
			path = upLoadTests;
			sourceTree = "<group>";
		};
		3F536B0E262689D000BAAAF0 /* upLoadUITests */ = {
			isa = PBXGroup;
			children = (
				3F536B0F262689D000BAAAF0 /* upLoadUITests.swift */,
				3F536B11262689D000BAAAF0 /* Info.plist */,
			);
			path = upLoadUITests;
			sourceTree = "<group>";
		};
/* End PBXGroup section */

/* Begin PBXNativeTarget section */
		3F536AE9262689CF00BAAAF0 /* upLoad */ = {
			isa = PBXNativeTarget;
			buildConfigurationList = 3F536B14262689D000BAAAF0 /* Build configuration list for PBXNativeTarget "upLoad" */;
			buildPhases = (
				3F536AE6262689CF00BAAAF0 /* Sources */,
				3F536AE7262689CF00BAAAF0 /* Frameworks */,
				3F536AE8262689CF00BAAAF0 /* Resources */,
			);
			buildRules = (
			);
			dependencies = (
			);
			name = upLoad;
			productName = upLoad;
			productReference = 3F536AEA262689CF00BAAAF0 /* upLoad.app */;
			productType = "com.apple.product-type.application";
		};
		3F536AFF262689D000BAAAF0 /* upLoadTests */ = {
			isa = PBXNativeTarget;
			buildConfigurationList = 3F536B17262689D000BAAAF0 /* Build configuration list for PBXNativeTarget "upLoadTests" */;
			buildPhases = (
				3F536AFC262689D000BAAAF0 /* Sources */,
				3F536AFD262689D000BAAAF0 /* Frameworks */,
				3F536AFE262689D000BAAAF0 /* Resources */,
			);
			buildRules = (
			);
			dependencies = (
				3F536B02262689D000BAAAF0 /* PBXTargetDependency */,
			);
			name = upLoadTests;
			productName = upLoadTests;
			productReference = 3F536B00262689D000BAAAF0 /* upLoadTests.xctest */;
			productType = "com.apple.product-type.bundle.unit-test";
		};
		3F536B0A262689D000BAAAF0 /* upLoadUITests */ = {
			isa = PBXNativeTarget;
			buildConfigurationList = 3F536B1A262689D000BAAAF0 /* Build configuration list for PBXNativeTarget "upLoadUITests" */;
			buildPhases = (
				3F536B07262689D000BAAAF0 /* Sources */,
				3F536B08262689D000BAAAF0 /* Frameworks */,
				3F536B09262689D000BAAAF0 /* Resources */,
			);
			buildRules = (
			);
			dependencies = (
				3F536B0D262689D000BAAAF0 /* PBXTargetDependency */,
			);
			name = upLoadUITests;
			productName = upLoadUITests;
			productReference = 3F536B0B262689D000BAAAF0 /* upLoadUITests.xctest */;
			productType = "com.apple.product-type.bundle.ui-testing";
		};
/* End PBXNativeTarget section */

/* Begin PBXProject section */
		3F536AE2262689CF00BAAAF0 /* Project object */ = {
			isa = PBXProject;
			attributes = {
				LastSwiftUpdateCheck = 1240;
				LastUpgradeCheck = 1240;
				TargetAttributes = {
					3F536AE9262689CF00BAAAF0 = {
						CreatedOnToolsVersion = 12.4;
					};
					3F536AFF262689D000BAAAF0 = {
						CreatedOnToolsVersion = 12.4;
						TestTargetID = 3F536AE9262689CF00BAAAF0;
					};
					3F536B0A262689D000BAAAF0 = {
						CreatedOnToolsVersion = 12.4;
						TestTargetID = 3F536AE9262689CF00BAAAF0;
					};
				};
			};
			buildConfigurationList = 3F536AE5262689CF00BAAAF0 /* Build configuration list for PBXProject "upLoad" */;
			compatibilityVersion = "Xcode 9.3";
			developmentRegion = en;
			hasScannedForEncodings = 0;
			knownRegions = (
				en,
				Base,
			);
			mainGroup = 3F536AE1262689CF00BAAAF0;
			productRefGroup = 3F536AEB262689CF00BAAAF0 /* Products */;
			projectDirPath = "";
			projectRoot = "";
			targets = (
				3F536AE9262689CF00BAAAF0 /* upLoad */,
				3F536AFF262689D000BAAAF0 /* upLoadTests */,
				3F536B0A262689D000BAAAF0 /* upLoadUITests */,
			);
		};
/* End PBXProject section */

/* Begin PBXResourcesBuildPhase section */
		3F536AE8262689CF00BAAAF0 /* Resources */ = {
			isa = PBXResourcesBuildPhase;
			buildActionMask = 2147483647;
			files = (
				3F536AFA262689D000BAAAF0 /* LaunchScreen.storyboard in Resources */,
				3F536AF7262689D000BAAAF0 /* Assets.xcassets in Resources */,
				3F536B2126268A9E00BAAAF0 /* cat.jpg in Resources */,
				3F536AF5262689CF00BAAAF0 /* Main.storyboard in Resources */,
			);
			runOnlyForDeploymentPostprocessing = 0;
		};
		3F536AFE262689D000BAAAF0 /* Resources */ = {
			isa = PBXResourcesBuildPhase;
			buildActionMask = 2147483647;
			files = (
			);
			runOnlyForDeploymentPostprocessing = 0;
		};
		3F536B09262689D000BAAAF0 /* Resources */ = {
			isa = PBXResourcesBuildPhase;
			buildActionMask = 2147483647;
			files = (
			);
			runOnlyForDeploymentPostprocessing = 0;
		};
/* End PBXResourcesBuildPhase section */

/* Begin PBXSourcesBuildPhase section */
		3F536AE6262689CF00BAAAF0 /* Sources */ = {
			isa = PBXSourcesBuildPhase;
			buildActionMask = 2147483647;
			files = (
				3F536AF2262689CF00BAAAF0 /* ViewController.swift in Sources */,
				3F536AEE262689CF00BAAAF0 /* AppDelegate.swift in Sources */,
				3F536AF0262689CF00BAAAF0 /* SceneDelegate.swift in Sources */,
			);
			runOnlyForDeploymentPostprocessing = 0;
		};
		3F536AFC262689D000BAAAF0 /* Sources */ = {
			isa = PBXSourcesBuildPhase;
			buildActionMask = 2147483647;
			files = (
				3F536B05262689D000BAAAF0 /* upLoadTests.swift in Sources */,
			);
			runOnlyForDeploymentPostprocessing = 0;
		};
		3F536B07262689D000BAAAF0 /* Sources */ = {
			isa = PBXSourcesBuildPhase;
			buildActionMask = 2147483647;
			files = (
				3F536B10262689D000BAAAF0 /* upLoadUITests.swift in Sources */,
			);
			runOnlyForDeploymentPostprocessing = 0;
		};
/* End PBXSourcesBuildPhase section */

/* Begin PBXTargetDependency section */
		3F536B02262689D000BAAAF0 /* PBXTargetDependency */ = {
			isa = PBXTargetDependency;
			target = 3F536AE9262689CF00BAAAF0 /* upLoad */;
			targetProxy = 3F536B01262689D000BAAAF0 /* PBXContainerItemProxy */;
		};
		3F536B0D262689D000BAAAF0 /* PBXTargetDependency */ = {
			isa = PBXTargetDependency;
			target = 3F536AE9262689CF00BAAAF0 /* upLoad */;
			targetProxy = 3F536B0C262689D000BAAAF0 /* PBXContainerItemProxy */;
		};
/* End PBXTargetDependency section */

/* Begin PBXVariantGroup section */
		3F536AF3262689CF00BAAAF0 /* Main.storyboard */ = {
			isa = PBXVariantGroup;
			children = (
				3F536AF4262689CF00BAAAF0 /* Base */,
			);
			name = Main.storyboard;
			sourceTree = "<group>";
		};
		3F536AF8262689D000BAAAF0 /* LaunchScreen.storyboard */ = {
			isa = PBXVariantGroup;
			children = (
				3F536AF9262689D000BAAAF0 /* Base */,
			);
			name = LaunchScreen.storyboard;
			sourceTree = "<group>";
		};
/* End PBXVariantGroup section */

/* Begin XCBuildConfiguration section */
		3F536B12262689D000BAAAF0 /* Debug */ = {
			isa = XCBuildConfiguration;
			buildSettings = {
				ALWAYS_SEARCH_USER_PATHS = NO;
				CLANG_ANALYZER_NONNULL = YES;
				CLANG_ANALYZER_NUMBER_OBJECT_CONVERSION = YES_AGGRESSIVE;
				CLANG_CXX_LANGUAGE_STANDARD = "gnu++14";
				CLANG_CXX_LIBRARY = "libc++";
				CLANG_ENABLE_MODULES = YES;
				CLANG_ENABLE_OBJC_ARC = YES;
				CLANG_ENABLE_OBJC_WEAK = YES;
				CLANG_WARN_BLOCK_CAPTURE_AUTORELEASING = YES;
				CLANG_WARN_BOOL_CONVERSION = YES;
				CLANG_WARN_COMMA = YES;
				CLANG_WARN_CONSTANT_CONVERSION = YES;
				CLANG_WARN_DEPRECATED_OBJC_IMPLEMENTATIONS = YES;
				CLANG_WARN_DIRECT_OBJC_ISA_USAGE = YES_ERROR;
				CLANG_WARN_DOCUMENTATION_COMMENTS = YES;
				CLANG_WARN_EMPTY_BODY = YES;
				CLANG_WARN_ENUM_CONVERSION = YES;
				CLANG_WARN_INFINITE_RECURSION = YES;
				CLANG_WARN_INT_CONVERSION = YES;
				CLANG_WARN_NON_LITERAL_NULL_CONVERSION = YES;
				CLANG_WARN_OBJC_IMPLICIT_RETAIN_SELF = YES;
				CLANG_WARN_OBJC_LITERAL_CONVERSION = YES;
				CLANG_WARN_OBJC_ROOT_CLASS = YES_ERROR;
				CLANG_WARN_QUOTED_INCLUDE_IN_FRAMEWORK_HEADER = YES;
				CLANG_WARN_RANGE_LOOP_ANALYSIS = YES;
				CLANG_WARN_STRICT_PROTOTYPES = YES;
				CLANG_WARN_SUSPICIOUS_MOVE = YES;
				CLANG_WARN_UNGUARDED_AVAILABILITY = YES_AGGRESSIVE;
				CLANG_WARN_UNREACHABLE_CODE = YES;
				CLANG_WARN__DUPLICATE_METHOD_MATCH = YES;
				COPY_PHASE_STRIP = NO;
				DEBUG_INFORMATION_FORMAT = dwarf;
				ENABLE_STRICT_OBJC_MSGSEND = YES;
				ENABLE_TESTABILITY = YES;
				GCC_C_LANGUAGE_STANDARD = gnu11;
				GCC_DYNAMIC_NO_PIC = NO;
				GCC_NO_COMMON_BLOCKS = YES;
				GCC_OPTIMIZATION_LEVEL = 0;
				GCC_PREPROCESSOR_DEFINITIONS = (
					"DEBUG=1",
					"$(inherited)",
				);
				GCC_WARN_64_TO_32_BIT_CONVERSION = YES;
				GCC_WARN_ABOUT_RETURN_TYPE = YES_ERROR;
				GCC_WARN_UNDECLARED_SELECTOR = YES;
				GCC_WARN_UNINITIALIZED_AUTOS = YES_AGGRESSIVE;
				GCC_WARN_UNUSED_FUNCTION = YES;
				GCC_WARN_UNUSED_VARIABLE = YES;
				IPHONEOS_DEPLOYMENT_TARGET = 14.4;
				MTL_ENABLE_DEBUG_INFO = INCLUDE_SOURCE;
				MTL_FAST_MATH = YES;
				ONLY_ACTIVE_ARCH = YES;
				SDKROOT = iphoneos;
				SWIFT_ACTIVE_COMPILATION_CONDITIONS = DEBUG;
				SWIFT_OPTIMIZATION_LEVEL = "-Onone";
			};
			name = Debug;
		};
		3F536B13262689D000BAAAF0 /* Release */ = {
			isa = XCBuildConfiguration;
			buildSettings = {
				ALWAYS_SEARCH_USER_PATHS = NO;
				CLANG_ANALYZER_NONNULL = YES;
				CLANG_ANALYZER_NUMBER_OBJECT_CONVERSION = YES_AGGRESSIVE;
				CLANG_CXX_LANGUAGE_STANDARD = "gnu++14";
				CLANG_CXX_LIBRARY = "libc++";
				CLANG_ENABLE_MODULES = YES;
				CLANG_ENABLE_OBJC_ARC = YES;
				CLANG_ENABLE_OBJC_WEAK = YES;
				CLANG_WARN_BLOCK_CAPTURE_AUTORELEASING = YES;
				CLANG_WARN_BOOL_CONVERSION = YES;
				CLANG_WARN_COMMA = YES;
				CLANG_WARN_CONSTANT_CONVERSION = YES;
				CLANG_WARN_DEPRECATED_OBJC_IMPLEMENTATIONS = YES;
				CLANG_WARN_DIRECT_OBJC_ISA_USAGE = YES_ERROR;
				CLANG_WARN_DOCUMENTATION_COMMENTS = YES;
				CLANG_WARN_EMPTY_BODY = YES;
				CLANG_WARN_ENUM_CONVERSION = YES;
				CLANG_WARN_INFINITE_RECURSION = YES;
				CLANG_WARN_INT_CONVERSION = YES;
				CLANG_WARN_NON_LITERAL_NULL_CONVERSION = YES;
				CLANG_WARN_OBJC_IMPLICIT_RETAIN_SELF = YES;
				CLANG_WARN_OBJC_LITERAL_CONVERSION = YES;
				CLANG_WARN_OBJC_ROOT_CLASS = YES_ERROR;
				CLANG_WARN_QUOTED_INCLUDE_IN_FRAMEWORK_HEADER = YES;
				CLANG_WARN_RANGE_LOOP_ANALYSIS = YES;
				CLANG_WARN_STRICT_PROTOTYPES = YES;
				CLANG_WARN_SUSPICIOUS_MOVE = YES;
				CLANG_WARN_UNGUARDED_AVAILABILITY = YES_AGGRESSIVE;
				CLANG_WARN_UNREACHABLE_CODE = YES;
				CLANG_WARN__DUPLICATE_METHOD_MATCH = YES;
				COPY_PHASE_STRIP = NO;
				DEBUG_INFORMATION_FORMAT = "dwarf-with-dsym";
				ENABLE_NS_ASSERTIONS = NO;
				ENABLE_STRICT_OBJC_MSGSEND = YES;
				GCC_C_LANGUAGE_STANDARD = gnu11;
				GCC_NO_COMMON_BLOCKS = YES;
				GCC_WARN_64_TO_32_BIT_CONVERSION = YES;
				GCC_WARN_ABOUT_RETURN_TYPE = YES_ERROR;
				GCC_WARN_UNDECLARED_SELECTOR = YES;
				GCC_WARN_UNINITIALIZED_AUTOS = YES_AGGRESSIVE;
				GCC_WARN_UNUSED_FUNCTION = YES;
				GCC_WARN_UNUSED_VARIABLE = YES;
				IPHONEOS_DEPLOYMENT_TARGET = 14.4;
				MTL_ENABLE_DEBUG_INFO = NO;
				MTL_FAST_MATH = YES;
				SDKROOT = iphoneos;
				SWIFT_COMPILATION_MODE = wholemodule;
				SWIFT_OPTIMIZATION_LEVEL = "-O";
				VALIDATE_PRODUCT = YES;
			};
			name = Release;
		};
		3F536B15262689D000BAAAF0 /* Debug */ = {
			isa = XCBuildConfiguration;
			buildSettings = {
				ASSETCATALOG_COMPILER_APPICON_NAME = AppIcon;
				ASSETCATALOG_COMPILER_GLOBAL_ACCENT_COLOR_NAME = AccentColor;
				CODE_SIGN_STYLE = Automatic;
				INFOPLIST_FILE = upLoad/Info.plist;
				LD_RUNPATH_SEARCH_PATHS = (
					"$(inherited)",
					"@executable_path/Frameworks",
				);
				PRODUCT_BUNDLE_IDENTIFIER = "-23456.upLoad";
				PRODUCT_NAME = "$(TARGET_NAME)";
				SWIFT_VERSION = 5.0;
				TARGETED_DEVICE_FAMILY = "1,2";
			};
			name = Debug;
		};
		3F536B16262689D000BAAAF0 /* Release */ = {
			isa = XCBuildConfiguration;
			buildSettings = {
				ASSETCATALOG_COMPILER_APPICON_NAME = AppIcon;
				ASSETCATALOG_COMPILER_GLOBAL_ACCENT_COLOR_NAME = AccentColor;
				CODE_SIGN_STYLE = Automatic;
				INFOPLIST_FILE = upLoad/Info.plist;
				LD_RUNPATH_SEARCH_PATHS = (
					"$(inherited)",
					"@executable_path/Frameworks",
				);
				PRODUCT_BUNDLE_IDENTIFIER = "-23456.upLoad";
				PRODUCT_NAME = "$(TARGET_NAME)";
				SWIFT_VERSION = 5.0;
				TARGETED_DEVICE_FAMILY = "1,2";
			};
			name = Release;
		};
		3F536B18262689D000BAAAF0 /* Debug */ = {
			isa = XCBuildConfiguration;
			buildSettings = {
				ALWAYS_EMBED_SWIFT_STANDARD_LIBRARIES = YES;
				BUNDLE_LOADER = "$(TEST_HOST)";
				CODE_SIGN_STYLE = Automatic;
				INFOPLIST_FILE = upLoadTests/Info.plist;
				IPHONEOS_DEPLOYMENT_TARGET = 14.4;
				LD_RUNPATH_SEARCH_PATHS = (
					"$(inherited)",
					"@executable_path/Frameworks",
					"@loader_path/Frameworks",
				);
				PRODUCT_BUNDLE_IDENTIFIER = "-23456.upLoadTests";
				PRODUCT_NAME = "$(TARGET_NAME)";
				SWIFT_VERSION = 5.0;
				TARGETED_DEVICE_FAMILY = "1,2";
				TEST_HOST = "$(BUILT_PRODUCTS_DIR)/upLoad.app/upLoad";
			};
			name = Debug;
		};
		3F536B19262689D000BAAAF0 /* Release */ = {
			isa = XCBuildConfiguration;
			buildSettings = {
				ALWAYS_EMBED_SWIFT_STANDARD_LIBRARIES = YES;
				BUNDLE_LOADER = "$(TEST_HOST)";
				CODE_SIGN_STYLE = Automatic;
				INFOPLIST_FILE = upLoadTests/Info.plist;
				IPHONEOS_DEPLOYMENT_TARGET = 14.4;
				LD_RUNPATH_SEARCH_PATHS = (
					"$(inherited)",
					"@executable_path/Frameworks",
					"@loader_path/Frameworks",
				);
				PRODUCT_BUNDLE_IDENTIFIER = "-23456.upLoadTests";
				PRODUCT_NAME = "$(TARGET_NAME)";
				SWIFT_VERSION = 5.0;
				TARGETED_DEVICE_FAMILY = "1,2";
				TEST_HOST = "$(BUILT_PRODUCTS_DIR)/upLoad.app/upLoad";
			};
			name = Release;
		};
		3F536B1B262689D000BAAAF0 /* Debug */ = {
			isa = XCBuildConfiguration;
			buildSettings = {
				ALWAYS_EMBED_SWIFT_STANDARD_LIBRARIES = YES;
				CODE_SIGN_STYLE = Automatic;
				INFOPLIST_FILE = upLoadUITests/Info.plist;
				LD_RUNPATH_SEARCH_PATHS = (
					"$(inherited)",
					"@executable_path/Frameworks",
					"@loader_path/Frameworks",
				);
				PRODUCT_BUNDLE_IDENTIFIER = "-23456.upLoadUITests";
				PRODUCT_NAME = "$(TARGET_NAME)";
				SWIFT_VERSION = 5.0;
				TARGETED_DEVICE_FAMILY = "1,2";
				TEST_TARGET_NAME = upLoad;
			};
			name = Debug;
		};
		3F536B1C262689D000BAAAF0 /* Release */ = {
			isa = XCBuildConfiguration;
			buildSettings = {
				ALWAYS_EMBED_SWIFT_STANDARD_LIBRARIES = YES;
				CODE_SIGN_STYLE = Automatic;
				INFOPLIST_FILE = upLoadUITests/Info.plist;
				LD_RUNPATH_SEARCH_PATHS = (
					"$(inherited)",
					"@executable_path/Frameworks",
					"@loader_path/Frameworks",
				);
				PRODUCT_BUNDLE_IDENTIFIER = "-23456.upLoadUITests";
				PRODUCT_NAME = "$(TARGET_NAME)";
				SWIFT_VERSION = 5.0;
				TARGETED_DEVICE_FAMILY = "1,2";
				TEST_TARGET_NAME = upLoad;
			};
			name = Release;
		};
/* End XCBuildConfiguration section */

/* Begin XCConfigurationList section */
		3F536AE5262689CF00BAAAF0 /* Build configuration list for PBXProject "upLoad" */ = {
			isa = XCConfigurationList;
			buildConfigurations = (
				3F536B12262689D000BAAAF0 /* Debug */,
				3F536B13262689D000BAAAF0 /* Release */,
			);
			defaultConfigurationIsVisible = 0;
			defaultConfigurationName = Release;
		};
		3F536B14262689D000BAAAF0 /* Build configuration list for PBXNativeTarget "upLoad" */ = {
			isa = XCConfigurationList;
			buildConfigurations = (
				3F536B15262689D000BAAAF0 /* Debug */,
				3F536B16262689D000BAAAF0 /* Release */,
			);
			defaultConfigurationIsVisible = 0;
			defaultConfigurationName = Release;
		};
		3F536B17262689D000BAAAF0 /* Build configuration list for PBXNativeTarget "upLoadTests" */ = {
			isa = XCConfigurationList;
			buildConfigurations = (
				3F536B18262689D000BAAAF0 /* Debug */,
				3F536B19262689D000BAAAF0 /* Release */,
			);
			defaultConfigurationIsVisible = 0;
			defaultConfigurationName = Release;
		};
		3F536B1A262689D000BAAAF0 /* Build configuration list for PBXNativeTarget "upLoadUITests" */ = {
			isa = XCConfigurationList;
			buildConfigurations = (
				3F536B1B262689D000BAAAF0 /* Debug */,
				3F536B1C262689D000BAAAF0 /* Release */,
			);
			defaultConfigurationIsVisible = 0;
			defaultConfigurationName = Release;
		};
/* End XCConfigurationList section */
	};
	rootObject = 3F536AE2262689CF00BAAAF0 /* Project object */;
}
