// !$*UTF8*$!
{
	archiveVersion = 1;
	classes = {
	};
	objectVersion = 50;
	objects = {

/* Begin PBXBuildFile section */
		3F06E42D266724B500B4308F /* AppDelegate.swift in Sources */ = {isa = PBXBuildFile; fileRef = 3F06E42C266724B500B4308F /* AppDelegate.swift */; };
		3F06E42F266724B500B4308F /* SceneDelegate.swift in Sources */ = {isa = PBXBuildFile; fileRef = 3F06E42E266724B500B4308F /* SceneDelegate.swift */; };
		3F06E431266724B500B4308F /* ViewController.swift in Sources */ = {isa = PBXBuildFile; fileRef = 3F06E430266724B500B4308F /* ViewController.swift */; };
		3F06E434266724B500B4308F /* Main.storyboard in Resources */ = {isa = PBXBuildFile; fileRef = 3F06E432266724B500B4308F /* Main.storyboard */; };
		3F06E436266724B600B4308F /* Assets.xcassets in Resources */ = {isa = PBXBuildFile; fileRef = 3F06E435266724B600B4308F /* Assets.xcassets */; };
		3F06E439266724B600B4308F /* LaunchScreen.storyboard in Resources */ = {isa = PBXBuildFile; fileRef = 3F06E437266724B600B4308F /* LaunchScreen.storyboard */; };
		3F06E444266724B600B4308F /* ____Tests.swift in Sources */ = {isa = PBXBuildFile; fileRef = 3F06E443266724B600B4308F /* ____Tests.swift */; };
		3F06E44F266724B600B4308F /* ____UITests.swift in Sources */ = {isa = PBXBuildFile; fileRef = 3F06E44E266724B600B4308F /* ____UITests.swift */; };
		3F06E4602667254A00B4308F /* SEcViewController.swift in Sources */ = {isa = PBXBuildFile; fileRef = 3F06E45F2667254A00B4308F /* SEcViewController.swift */; };
		3F06E46826672D2C00B4308F /* ThirdViewController.swift in Sources */ = {isa = PBXBuildFile; fileRef = 3F06E46726672D2C00B4308F /* ThirdViewController.swift */; };
/* End PBXBuildFile section */

/* Begin PBXContainerItemProxy section */
		3F06E440266724B600B4308F /* PBXContainerItemProxy */ = {
			isa = PBXContainerItemProxy;
			containerPortal = 3F06E421266724B500B4308F /* Project object */;
			proxyType = 1;
			remoteGlobalIDString = 3F06E428266724B500B4308F;
			remoteInfo = "暗黑模式";
		};
		3F06E44B266724B600B4308F /* PBXContainerItemProxy */ = {
			isa = PBXContainerItemProxy;
			containerPortal = 3F06E421266724B500B4308F /* Project object */;
			proxyType = 1;
			remoteGlobalIDString = 3F06E428266724B500B4308F;
			remoteInfo = "暗黑模式";
		};
/* End PBXContainerItemProxy section */

/* Begin PBXFileReference section */
		3F06E429266724B500B4308F /* 暗黑模式.app */ = {isa = PBXFileReference; explicitFileType = wrapper.application; includeInIndex = 0; path = "暗黑模式.app"; sourceTree = BUILT_PRODUCTS_DIR; };
		3F06E42C266724B500B4308F /* AppDelegate.swift */ = {isa = PBXFileReference; lastKnownFileType = sourcecode.swift; path = AppDelegate.swift; sourceTree = "<group>"; };
		3F06E42E266724B500B4308F /* SceneDelegate.swift */ = {isa = PBXFileReference; lastKnownFileType = sourcecode.swift; path = SceneDelegate.swift; sourceTree = "<group>"; };
		3F06E430266724B500B4308F /* ViewController.swift */ = {isa = PBXFileReference; lastKnownFileType = sourcecode.swift; path = ViewController.swift; sourceTree = "<group>"; };
		3F06E433266724B500B4308F /* Base */ = {isa = PBXFileReference; lastKnownFileType = file.storyboard; name = Base; path = Base.lproj/Main.storyboard; sourceTree = "<group>"; };
		3F06E435266724B600B4308F /* Assets.xcassets */ = {isa = PBXFileReference; lastKnownFileType = folder.assetcatalog; path = Assets.xcassets; sourceTree = "<group>"; };
		3F06E438266724B600B4308F /* Base */ = {isa = PBXFileReference; lastKnownFileType = file.storyboard; name = Base; path = Base.lproj/LaunchScreen.storyboard; sourceTree = "<group>"; };
		3F06E43A266724B600B4308F /* Info.plist */ = {isa = PBXFileReference; lastKnownFileType = text.plist.xml; path = Info.plist; sourceTree = "<group>"; };
		3F06E43F266724B600B4308F /* 暗黑模式Tests.xctest */ = {isa = PBXFileReference; explicitFileType = wrapper.cfbundle; includeInIndex = 0; path = "暗黑模式Tests.xctest"; sourceTree = BUILT_PRODUCTS_DIR; };
		3F06E443266724B600B4308F /* ____Tests.swift */ = {isa = PBXFileReference; lastKnownFileType = sourcecode.swift; path = "____Tests.swift"; sourceTree = "<group>"; };
		3F06E445266724B600B4308F /* Info.plist */ = {isa = PBXFileReference; lastKnownFileType = text.plist.xml; path = Info.plist; sourceTree = "<group>"; };
		3F06E44A266724B600B4308F /* 暗黑模式UITests.xctest */ = {isa = PBXFileReference; explicitFileType = wrapper.cfbundle; includeInIndex = 0; path = "暗黑模式UITests.xctest"; sourceTree = BUILT_PRODUCTS_DIR; };
		3F06E44E266724B600B4308F /* ____UITests.swift */ = {isa = PBXFileReference; lastKnownFileType = sourcecode.swift; path = "____UITests.swift"; sourceTree = "<group>"; };
		3F06E450266724B600B4308F /* Info.plist */ = {isa = PBXFileReference; lastKnownFileType = text.plist.xml; path = Info.plist; sourceTree = "<group>"; };
		3F06E45F2667254A00B4308F /* SEcViewController.swift */ = {isa = PBXFileReference; lastKnownFileType = sourcecode.swift; path = SEcViewController.swift; sourceTree = "<group>"; };
		3F06E46726672D2C00B4308F /* ThirdViewController.swift */ = {isa = PBXFileReference; lastKnownFileType = sourcecode.swift; path = ThirdViewController.swift; sourceTree = "<group>"; };
/* End PBXFileReference section */

/* Begin PBXFrameworksBuildPhase section */
		3F06E426266724B500B4308F /* Frameworks */ = {
			isa = PBXFrameworksBuildPhase;
			buildActionMask = 2147483647;
			files = (
			);
			runOnlyForDeploymentPostprocessing = 0;
		};
		3F06E43C266724B600B4308F /* Frameworks */ = {
			isa = PBXFrameworksBuildPhase;
			buildActionMask = 2147483647;
			files = (
			);
			runOnlyForDeploymentPostprocessing = 0;
		};
		3F06E447266724B600B4308F /* Frameworks */ = {
			isa = PBXFrameworksBuildPhase;
			buildActionMask = 2147483647;
			files = (
			);
			runOnlyForDeploymentPostprocessing = 0;
		};
/* End PBXFrameworksBuildPhase section */

/* Begin PBXGroup section */
		3F06E420266724B500B4308F = {
			isa = PBXGroup;
			children = (
				3F06E42B266724B500B4308F /* 暗黑模式 */,
				3F06E442266724B600B4308F /* 暗黑模式Tests */,
				3F06E44D266724B600B4308F /* 暗黑模式UITests */,
				3F06E42A266724B500B4308F /* Products */,
			);
			sourceTree = "<group>";
		};
		3F06E42A266724B500B4308F /* Products */ = {
			isa = PBXGroup;
			children = (
				3F06E429266724B500B4308F /* 暗黑模式.app */,
				3F06E43F266724B600B4308F /* 暗黑模式Tests.xctest */,
				3F06E44A266724B600B4308F /* 暗黑模式UITests.xctest */,
			);
			name = Products;
			sourceTree = "<group>";
		};
		3F06E42B266724B500B4308F /* 暗黑模式 */ = {
			isa = PBXGroup;
			children = (
				3F06E42C266724B500B4308F /* AppDelegate.swift */,
				3F06E42E266724B500B4308F /* SceneDelegate.swift */,
				3F06E430266724B500B4308F /* ViewController.swift */,
				3F06E45F2667254A00B4308F /* SEcViewController.swift */,
				3F06E46726672D2C00B4308F /* ThirdViewController.swift */,
				3F06E432266724B500B4308F /* Main.storyboard */,
				3F06E435266724B600B4308F /* Assets.xcassets */,
				3F06E437266724B600B4308F /* LaunchScreen.storyboard */,
				3F06E43A266724B600B4308F /* Info.plist */,
			);
			path = "暗黑模式";
			sourceTree = "<group>";
		};
		3F06E442266724B600B4308F /* 暗黑模式Tests */ = {
			isa = PBXGroup;
			children = (
				3F06E443266724B600B4308F /* ____Tests.swift */,
				3F06E445266724B600B4308F /* Info.plist */,
			);
			path = "暗黑模式Tests";
			sourceTree = "<group>";
		};
		3F06E44D266724B600B4308F /* 暗黑模式UITests */ = {
			isa = PBXGroup;
			children = (
				3F06E44E266724B600B4308F /* ____UITests.swift */,
				3F06E450266724B600B4308F /* Info.plist */,
			);
			path = "暗黑模式UITests";
			sourceTree = "<group>";
		};
/* End PBXGroup section */

/* Begin PBXNativeTarget section */
		3F06E428266724B500B4308F /* 暗黑模式 */ = {
			isa = PBXNativeTarget;
			buildConfigurationList = 3F06E453266724B600B4308F /* Build configuration list for PBXNativeTarget "暗黑模式" */;
			buildPhases = (
				3F06E425266724B500B4308F /* Sources */,
				3F06E426266724B500B4308F /* Frameworks */,
				3F06E427266724B500B4308F /* Resources */,
			);
			buildRules = (
			);
			dependencies = (
			);
			name = "暗黑模式";
			productName = "暗黑模式";
			productReference = 3F06E429266724B500B4308F /* 暗黑模式.app */;
			productType = "com.apple.product-type.application";
		};
		3F06E43E266724B600B4308F /* 暗黑模式Tests */ = {
			isa = PBXNativeTarget;
			buildConfigurationList = 3F06E456266724B600B4308F /* Build configuration list for PBXNativeTarget "暗黑模式Tests" */;
			buildPhases = (
				3F06E43B266724B600B4308F /* Sources */,
				3F06E43C266724B600B4308F /* Frameworks */,
				3F06E43D266724B600B4308F /* Resources */,
			);
			buildRules = (
			);
			dependencies = (
				3F06E441266724B600B4308F /* PBXTargetDependency */,
			);
			name = "暗黑模式Tests";
			productName = "暗黑模式Tests";
			productReference = 3F06E43F266724B600B4308F /* 暗黑模式Tests.xctest */;
			productType = "com.apple.product-type.bundle.unit-test";
		};
		3F06E449266724B600B4308F /* 暗黑模式UITests */ = {
			isa = PBXNativeTarget;
			buildConfigurationList = 3F06E459266724B600B4308F /* Build configuration list for PBXNativeTarget "暗黑模式UITests" */;
			buildPhases = (
				3F06E446266724B600B4308F /* Sources */,
				3F06E447266724B600B4308F /* Frameworks */,
				3F06E448266724B600B4308F /* Resources */,
			);
			buildRules = (
			);
			dependencies = (
				3F06E44C266724B600B4308F /* PBXTargetDependency */,
			);
			name = "暗黑模式UITests";
			productName = "暗黑模式UITests";
			productReference = 3F06E44A266724B600B4308F /* 暗黑模式UITests.xctest */;
			productType = "com.apple.product-type.bundle.ui-testing";
		};
/* End PBXNativeTarget section */

/* Begin PBXProject section */
		3F06E421266724B500B4308F /* Project object */ = {
			isa = PBXProject;
			attributes = {
				LastSwiftUpdateCheck = 1240;
				LastUpgradeCheck = 1240;
				TargetAttributes = {
					3F06E428266724B500B4308F = {
						CreatedOnToolsVersion = 12.4;
					};
					3F06E43E266724B600B4308F = {
						CreatedOnToolsVersion = 12.4;
						TestTargetID = 3F06E428266724B500B4308F;
					};
					3F06E449266724B600B4308F = {
						CreatedOnToolsVersion = 12.4;
						TestTargetID = 3F06E428266724B500B4308F;
					};
				};
			};
			buildConfigurationList = 3F06E424266724B500B4308F /* Build configuration list for PBXProject "暗黑模式" */;
			compatibilityVersion = "Xcode 9.3";
			developmentRegion = en;
			hasScannedForEncodings = 0;
			knownRegions = (
				en,
				Base,
			);
			mainGroup = 3F06E420266724B500B4308F;
			productRefGroup = 3F06E42A266724B500B4308F /* Products */;
			projectDirPath = "";
			projectRoot = "";
			targets = (
				3F06E428266724B500B4308F /* 暗黑模式 */,
				3F06E43E266724B600B4308F /* 暗黑模式Tests */,
				3F06E449266724B600B4308F /* 暗黑模式UITests */,
			);
		};
/* End PBXProject section */

/* Begin PBXResourcesBuildPhase section */
		3F06E427266724B500B4308F /* Resources */ = {
			isa = PBXResourcesBuildPhase;
			buildActionMask = 2147483647;
			files = (
				3F06E439266724B600B4308F /* LaunchScreen.storyboard in Resources */,
				3F06E436266724B600B4308F /* Assets.xcassets in Resources */,
				3F06E434266724B500B4308F /* Main.storyboard in Resources */,
			);
			runOnlyForDeploymentPostprocessing = 0;
		};
		3F06E43D266724B600B4308F /* Resources */ = {
			isa = PBXResourcesBuildPhase;
			buildActionMask = 2147483647;
			files = (
			);
			runOnlyForDeploymentPostprocessing = 0;
		};
		3F06E448266724B600B4308F /* Resources */ = {
			isa = PBXResourcesBuildPhase;
			buildActionMask = 2147483647;
			files = (
			);
			runOnlyForDeploymentPostprocessing = 0;
		};
/* End PBXResourcesBuildPhase section */

/* Begin PBXSourcesBuildPhase section */
		3F06E425266724B500B4308F /* Sources */ = {
			isa = PBXSourcesBuildPhase;
			buildActionMask = 2147483647;
			files = (
				3F06E4602667254A00B4308F /* SEcViewController.swift in Sources */,
				3F06E431266724B500B4308F /* ViewController.swift in Sources */,
				3F06E46826672D2C00B4308F /* ThirdViewController.swift in Sources */,
				3F06E42D266724B500B4308F /* AppDelegate.swift in Sources */,
				3F06E42F266724B500B4308F /* SceneDelegate.swift in Sources */,
			);
			runOnlyForDeploymentPostprocessing = 0;
		};
		3F06E43B266724B600B4308F /* Sources */ = {
			isa = PBXSourcesBuildPhase;
			buildActionMask = 2147483647;
			files = (
				3F06E444266724B600B4308F /* ____Tests.swift in Sources */,
			);
			runOnlyForDeploymentPostprocessing = 0;
		};
		3F06E446266724B600B4308F /* Sources */ = {
			isa = PBXSourcesBuildPhase;
			buildActionMask = 2147483647;
			files = (
				3F06E44F266724B600B4308F /* ____UITests.swift in Sources */,
			);
			runOnlyForDeploymentPostprocessing = 0;
		};
/* End PBXSourcesBuildPhase section */

/* Begin PBXTargetDependency section */
		3F06E441266724B600B4308F /* PBXTargetDependency */ = {
			isa = PBXTargetDependency;
			target = 3F06E428266724B500B4308F /* 暗黑模式 */;
			targetProxy = 3F06E440266724B600B4308F /* PBXContainerItemProxy */;
		};
		3F06E44C266724B600B4308F /* PBXTargetDependency */ = {
			isa = PBXTargetDependency;
			target = 3F06E428266724B500B4308F /* 暗黑模式 */;
			targetProxy = 3F06E44B266724B600B4308F /* PBXContainerItemProxy */;
		};
/* End PBXTargetDependency section */

/* Begin PBXVariantGroup section */
		3F06E432266724B500B4308F /* Main.storyboard */ = {
			isa = PBXVariantGroup;
			children = (
				3F06E433266724B500B4308F /* Base */,
			);
			name = Main.storyboard;
			sourceTree = "<group>";
		};
		3F06E437266724B600B4308F /* LaunchScreen.storyboard */ = {
			isa = PBXVariantGroup;
			children = (
				3F06E438266724B600B4308F /* Base */,
			);
			name = LaunchScreen.storyboard;
			sourceTree = "<group>";
		};
/* End PBXVariantGroup section */

/* Begin XCBuildConfiguration section */
		3F06E451266724B600B4308F /* Debug */ = {
			isa = XCBuildConfiguration;
			buildSettings = {
				ALWAYS_SEARCH_USER_PATHS = NO;
				CLANG_ANALYZER_NONNULL = YES;
				CLANG_ANALYZER_NUMBER_OBJECT_CONVERSION = YES_AGGRESSIVE;
				CLANG_CXX_LANGUAGE_STANDARD = "gnu++14";
				CLANG_CXX_LIBRARY = "libc++";
				CLANG_ENABLE_MODULES = YES;
				CLANG_ENABLE_OBJC_ARC = YES;
				CLANG_ENABLE_OBJC_WEAK = YES;
				CLANG_WARN_BLOCK_CAPTURE_AUTORELEASING = YES;
				CLANG_WARN_BOOL_CONVERSION = YES;
				CLANG_WARN_COMMA = YES;
				CLANG_WARN_CONSTANT_CONVERSION = YES;
				CLANG_WARN_DEPRECATED_OBJC_IMPLEMENTATIONS = YES;
				CLANG_WARN_DIRECT_OBJC_ISA_USAGE = YES_ERROR;
				CLANG_WARN_DOCUMENTATION_COMMENTS = YES;
				CLANG_WARN_EMPTY_BODY = YES;
				CLANG_WARN_ENUM_CONVERSION = YES;
				CLANG_WARN_INFINITE_RECURSION = YES;
				CLANG_WARN_INT_CONVERSION = YES;
				CLANG_WARN_NON_LITERAL_NULL_CONVERSION = YES;
				CLANG_WARN_OBJC_IMPLICIT_RETAIN_SELF = YES;
				CLANG_WARN_OBJC_LITERAL_CONVERSION = YES;
				CLANG_WARN_OBJC_ROOT_CLASS = YES_ERROR;
				CLANG_WARN_QUOTED_INCLUDE_IN_FRAMEWORK_HEADER = YES;
				CLANG_WARN_RANGE_LOOP_ANALYSIS = YES;
				CLANG_WARN_STRICT_PROTOTYPES = YES;
				CLANG_WARN_SUSPICIOUS_MOVE = YES;
				CLANG_WARN_UNGUARDED_AVAILABILITY = YES_AGGRESSIVE;
				CLANG_WARN_UNREACHABLE_CODE = YES;
				CLANG_WARN__DUPLICATE_METHOD_MATCH = YES;
				COPY_PHASE_STRIP = NO;
				DEBUG_INFORMATION_FORMAT = dwarf;
				ENABLE_STRICT_OBJC_MSGSEND = YES;
				ENABLE_TESTABILITY = YES;
				GCC_C_LANGUAGE_STANDARD = gnu11;
				GCC_DYNAMIC_NO_PIC = NO;
				GCC_NO_COMMON_BLOCKS = YES;
				GCC_OPTIMIZATION_LEVEL = 0;
				GCC_PREPROCESSOR_DEFINITIONS = (
					"DEBUG=1",
					"$(inherited)",
				);
				GCC_WARN_64_TO_32_BIT_CONVERSION = YES;
				GCC_WARN_ABOUT_RETURN_TYPE = YES_ERROR;
				GCC_WARN_UNDECLARED_SELECTOR = YES;
				GCC_WARN_UNINITIALIZED_AUTOS = YES_AGGRESSIVE;
				GCC_WARN_UNUSED_FUNCTION = YES;
				GCC_WARN_UNUSED_VARIABLE = YES;
				IPHONEOS_DEPLOYMENT_TARGET = 14.4;
				MTL_ENABLE_DEBUG_INFO = INCLUDE_SOURCE;
				MTL_FAST_MATH = YES;
				ONLY_ACTIVE_ARCH = YES;
				SDKROOT = iphoneos;
				SWIFT_ACTIVE_COMPILATION_CONDITIONS = DEBUG;
				SWIFT_OPTIMIZATION_LEVEL = "-Onone";
			};
			name = Debug;
		};
		3F06E452266724B600B4308F /* Release */ = {
			isa = XCBuildConfiguration;
			buildSettings = {
				ALWAYS_SEARCH_USER_PATHS = NO;
				CLANG_ANALYZER_NONNULL = YES;
				CLANG_ANALYZER_NUMBER_OBJECT_CONVERSION = YES_AGGRESSIVE;
				CLANG_CXX_LANGUAGE_STANDARD = "gnu++14";
				CLANG_CXX_LIBRARY = "libc++";
				CLANG_ENABLE_MODULES = YES;
				CLANG_ENABLE_OBJC_ARC = YES;
				CLANG_ENABLE_OBJC_WEAK = YES;
				CLANG_WARN_BLOCK_CAPTURE_AUTORELEASING = YES;
				CLANG_WARN_BOOL_CONVERSION = YES;
				CLANG_WARN_COMMA = YES;
				CLANG_WARN_CONSTANT_CONVERSION = YES;
				CLANG_WARN_DEPRECATED_OBJC_IMPLEMENTATIONS = YES;
				CLANG_WARN_DIRECT_OBJC_ISA_USAGE = YES_ERROR;
				CLANG_WARN_DOCUMENTATION_COMMENTS = YES;
				CLANG_WARN_EMPTY_BODY = YES;
				CLANG_WARN_ENUM_CONVERSION = YES;
				CLANG_WARN_INFINITE_RECURSION = YES;
				CLANG_WARN_INT_CONVERSION = YES;
				CLANG_WARN_NON_LITERAL_NULL_CONVERSION = YES;
				CLANG_WARN_OBJC_IMPLICIT_RETAIN_SELF = YES;
				CLANG_WARN_OBJC_LITERAL_CONVERSION = YES;
				CLANG_WARN_OBJC_ROOT_CLASS = YES_ERROR;
				CLANG_WARN_QUOTED_INCLUDE_IN_FRAMEWORK_HEADER = YES;
				CLANG_WARN_RANGE_LOOP_ANALYSIS = YES;
				CLANG_WARN_STRICT_PROTOTYPES = YES;
				CLANG_WARN_SUSPICIOUS_MOVE = YES;
				CLANG_WARN_UNGUARDED_AVAILABILITY = YES_AGGRESSIVE;
				CLANG_WARN_UNREACHABLE_CODE = YES;
				CLANG_WARN__DUPLICATE_METHOD_MATCH = YES;
				COPY_PHASE_STRIP = NO;
				DEBUG_INFORMATION_FORMAT = "dwarf-with-dsym";
				ENABLE_NS_ASSERTIONS = NO;
				ENABLE_STRICT_OBJC_MSGSEND = YES;
				GCC_C_LANGUAGE_STANDARD = gnu11;
				GCC_NO_COMMON_BLOCKS = YES;
				GCC_WARN_64_TO_32_BIT_CONVERSION = YES;
				GCC_WARN_ABOUT_RETURN_TYPE = YES_ERROR;
				GCC_WARN_UNDECLARED_SELECTOR = YES;
				GCC_WARN_UNINITIALIZED_AUTOS = YES_AGGRESSIVE;
				GCC_WARN_UNUSED_FUNCTION = YES;
				GCC_WARN_UNUSED_VARIABLE = YES;
				IPHONEOS_DEPLOYMENT_TARGET = 14.4;
				MTL_ENABLE_DEBUG_INFO = NO;
				MTL_FAST_MATH = YES;
				SDKROOT = iphoneos;
				SWIFT_COMPILATION_MODE = wholemodule;
				SWIFT_OPTIMIZATION_LEVEL = "-O";
				VALIDATE_PRODUCT = YES;
			};
			name = Release;
		};
		3F06E454266724B600B4308F /* Debug */ = {
			isa = XCBuildConfiguration;
			buildSettings = {
				ASSETCATALOG_COMPILER_APPICON_NAME = AppIcon;
				ASSETCATALOG_COMPILER_GLOBAL_ACCENT_COLOR_NAME = AccentColor;
				CODE_SIGN_STYLE = Automatic;
				INFOPLIST_FILE = "暗黑模式/Info.plist";
				LD_RUNPATH_SEARCH_PATHS = (
					"$(inherited)",
					"@executable_path/Frameworks",
				);
				PRODUCT_BUNDLE_IDENTIFIER = "-23456.----";
				PRODUCT_NAME = "$(TARGET_NAME)";
				SWIFT_VERSION = 5.0;
				TARGETED_DEVICE_FAMILY = "1,2";
			};
			name = Debug;
		};
		3F06E455266724B600B4308F /* Release */ = {
			isa = XCBuildConfiguration;
			buildSettings = {
				ASSETCATALOG_COMPILER_APPICON_NAME = AppIcon;
				ASSETCATALOG_COMPILER_GLOBAL_ACCENT_COLOR_NAME = AccentColor;
				CODE_SIGN_STYLE = Automatic;
				INFOPLIST_FILE = "暗黑模式/Info.plist";
				LD_RUNPATH_SEARCH_PATHS = (
					"$(inherited)",
					"@executable_path/Frameworks",
				);
				PRODUCT_BUNDLE_IDENTIFIER = "-23456.----";
				PRODUCT_NAME = "$(TARGET_NAME)";
				SWIFT_VERSION = 5.0;
				TARGETED_DEVICE_FAMILY = "1,2";
			};
			name = Release;
		};
		3F06E457266724B600B4308F /* Debug */ = {
			isa = XCBuildConfiguration;
			buildSettings = {
				ALWAYS_EMBED_SWIFT_STANDARD_LIBRARIES = YES;
				BUNDLE_LOADER = "$(TEST_HOST)";
				CODE_SIGN_STYLE = Automatic;
				INFOPLIST_FILE = "暗黑模式Tests/Info.plist";
				IPHONEOS_DEPLOYMENT_TARGET = 14.4;
				LD_RUNPATH_SEARCH_PATHS = (
					"$(inherited)",
					"@executable_path/Frameworks",
					"@loader_path/Frameworks",
				);
				PRODUCT_BUNDLE_IDENTIFIER = "-23456.----Tests";
				PRODUCT_NAME = "$(TARGET_NAME)";
				SWIFT_VERSION = 5.0;
				TARGETED_DEVICE_FAMILY = "1,2";
				TEST_HOST = "$(BUILT_PRODUCTS_DIR)/暗黑模式.app/暗黑模式";
			};
			name = Debug;
		};
		3F06E458266724B600B4308F /* Release */ = {
			isa = XCBuildConfiguration;
			buildSettings = {
				ALWAYS_EMBED_SWIFT_STANDARD_LIBRARIES = YES;
				BUNDLE_LOADER = "$(TEST_HOST)";
				CODE_SIGN_STYLE = Automatic;
				INFOPLIST_FILE = "暗黑模式Tests/Info.plist";
				IPHONEOS_DEPLOYMENT_TARGET = 14.4;
				LD_RUNPATH_SEARCH_PATHS = (
					"$(inherited)",
					"@executable_path/Frameworks",
					"@loader_path/Frameworks",
				);
				PRODUCT_BUNDLE_IDENTIFIER = "-23456.----Tests";
				PRODUCT_NAME = "$(TARGET_NAME)";
				SWIFT_VERSION = 5.0;
				TARGETED_DEVICE_FAMILY = "1,2";
				TEST_HOST = "$(BUILT_PRODUCTS_DIR)/暗黑模式.app/暗黑模式";
			};
			name = Release;
		};
		3F06E45A266724B600B4308F /* Debug */ = {
			isa = XCBuildConfiguration;
			buildSettings = {
				ALWAYS_EMBED_SWIFT_STANDARD_LIBRARIES = YES;
				CODE_SIGN_STYLE = Automatic;
				INFOPLIST_FILE = "暗黑模式UITests/Info.plist";
				LD_RUNPATH_SEARCH_PATHS = (
					"$(inherited)",
					"@executable_path/Frameworks",
					"@loader_path/Frameworks",
				);
				PRODUCT_BUNDLE_IDENTIFIER = "-23456.----UITests";
				PRODUCT_NAME = "$(TARGET_NAME)";
				SWIFT_VERSION = 5.0;
				TARGETED_DEVICE_FAMILY = "1,2";
				TEST_TARGET_NAME = "暗黑模式";
			};
			name = Debug;
		};
		3F06E45B266724B600B4308F /* Release */ = {
			isa = XCBuildConfiguration;
			buildSettings = {
				ALWAYS_EMBED_SWIFT_STANDARD_LIBRARIES = YES;
				CODE_SIGN_STYLE = Automatic;
				INFOPLIST_FILE = "暗黑模式UITests/Info.plist";
				LD_RUNPATH_SEARCH_PATHS = (
					"$(inherited)",
					"@executable_path/Frameworks",
					"@loader_path/Frameworks",
				);
				PRODUCT_BUNDLE_IDENTIFIER = "-23456.----UITests";
				PRODUCT_NAME = "$(TARGET_NAME)";
				SWIFT_VERSION = 5.0;
				TARGETED_DEVICE_FAMILY = "1,2";
				TEST_TARGET_NAME = "暗黑模式";
			};
			name = Release;
		};
/* End XCBuildConfiguration section */

/* Begin XCConfigurationList section */
		3F06E424266724B500B4308F /* Build configuration list for PBXProject "暗黑模式" */ = {
			isa = XCConfigurationList;
			buildConfigurations = (
				3F06E451266724B600B4308F /* Debug */,
				3F06E452266724B600B4308F /* Release */,
			);
			defaultConfigurationIsVisible = 0;
			defaultConfigurationName = Release;
		};
		3F06E453266724B600B4308F /* Build configuration list for PBXNativeTarget "暗黑模式" */ = {
			isa = XCConfigurationList;
			buildConfigurations = (
				3F06E454266724B600B4308F /* Debug */,
				3F06E455266724B600B4308F /* Release */,
			);
			defaultConfigurationIsVisible = 0;
			defaultConfigurationName = Release;
		};
		3F06E456266724B600B4308F /* Build configuration list for PBXNativeTarget "暗黑模式Tests" */ = {
			isa = XCConfigurationList;
			buildConfigurations = (
				3F06E457266724B600B4308F /* Debug */,
				3F06E458266724B600B4308F /* Release */,
			);
			defaultConfigurationIsVisible = 0;
			defaultConfigurationName = Release;
		};
		3F06E459266724B600B4308F /* Build configuration list for PBXNativeTarget "暗黑模式UITests" */ = {
			isa = XCConfigurationList;
			buildConfigurations = (
				3F06E45A266724B600B4308F /* Debug */,
				3F06E45B266724B600B4308F /* Release */,
			);
			defaultConfigurationIsVisible = 0;
			defaultConfigurationName = Release;
		};
/* End XCConfigurationList section */
	};
	rootObject = 3F06E421266724B500B4308F /* Project object */;
}
