// !$*UTF8*$!
{
	archiveVersion = 1;
	classes = {
	};
	objectVersion = 50;
	objects = {

/* Begin PBXBuildFile section */
		3F89DCBE265DE6570041F3E9 /* AppDelegate.swift in Sources */ = {isa = PBXBuildFile; fileRef = 3F89DCBD265DE6570041F3E9 /* AppDelegate.swift */; };
		3F89DCC0265DE6570041F3E9 /* SceneDelegate.swift in Sources */ = {isa = PBXBuildFile; fileRef = 3F89DCBF265DE6570041F3E9 /* SceneDelegate.swift */; };
		3F89DCC2265DE6570041F3E9 /* ViewController.swift in Sources */ = {isa = PBXBuildFile; fileRef = 3F89DCC1265DE6570041F3E9 /* ViewController.swift */; };
		3F89DCC5265DE6570041F3E9 /* Main.storyboard in Resources */ = {isa = PBXBuildFile; fileRef = 3F89DCC3265DE6570041F3E9 /* Main.storyboard */; };
		3F89DCC7265DE6570041F3E9 /* Assets.xcassets in Resources */ = {isa = PBXBuildFile; fileRef = 3F89DCC6265DE6570041F3E9 /* Assets.xcassets */; };
		3F89DCCA265DE6570041F3E9 /* LaunchScreen.storyboard in Resources */ = {isa = PBXBuildFile; fileRef = 3F89DCC8265DE6570041F3E9 /* LaunchScreen.storyboard */; };
		3F89DCD5265DE6570041F3E9 /* ______Tests.swift in Sources */ = {isa = PBXBuildFile; fileRef = 3F89DCD4265DE6570041F3E9 /* ______Tests.swift */; };
		3F89DCE0265DE6570041F3E9 /* ______UITests.swift in Sources */ = {isa = PBXBuildFile; fileRef = 3F89DCDF265DE6570041F3E9 /* ______UITests.swift */; };
/* End PBXBuildFile section */

/* Begin PBXContainerItemProxy section */
		3F89DCD1265DE6570041F3E9 /* PBXContainerItemProxy */ = {
			isa = PBXContainerItemProxy;
			containerPortal = 3F89DCB2265DE6560041F3E9 /* Project object */;
			proxyType = 1;
			remoteGlobalIDString = 3F89DCB9265DE6560041F3E9;
			remoteInfo = "多种类型菜单";
		};
		3F89DCDC265DE6570041F3E9 /* PBXContainerItemProxy */ = {
			isa = PBXContainerItemProxy;
			containerPortal = 3F89DCB2265DE6560041F3E9 /* Project object */;
			proxyType = 1;
			remoteGlobalIDString = 3F89DCB9265DE6560041F3E9;
			remoteInfo = "多种类型菜单";
		};
/* End PBXContainerItemProxy section */

/* Begin PBXFileReference section */
		3F89DCBA265DE6560041F3E9 /* 多种类型菜单.app */ = {isa = PBXFileReference; explicitFileType = wrapper.application; includeInIndex = 0; path = "多种类型菜单.app"; sourceTree = BUILT_PRODUCTS_DIR; };
		3F89DCBD265DE6570041F3E9 /* AppDelegate.swift */ = {isa = PBXFileReference; lastKnownFileType = sourcecode.swift; path = AppDelegate.swift; sourceTree = "<group>"; };
		3F89DCBF265DE6570041F3E9 /* SceneDelegate.swift */ = {isa = PBXFileReference; lastKnownFileType = sourcecode.swift; path = SceneDelegate.swift; sourceTree = "<group>"; };
		3F89DCC1265DE6570041F3E9 /* ViewController.swift */ = {isa = PBXFileReference; lastKnownFileType = sourcecode.swift; path = ViewController.swift; sourceTree = "<group>"; };
		3F89DCC4265DE6570041F3E9 /* Base */ = {isa = PBXFileReference; lastKnownFileType = file.storyboard; name = Base; path = Base.lproj/Main.storyboard; sourceTree = "<group>"; };
		3F89DCC6265DE6570041F3E9 /* Assets.xcassets */ = {isa = PBXFileReference; lastKnownFileType = folder.assetcatalog; path = Assets.xcassets; sourceTree = "<group>"; };
		3F89DCC9265DE6570041F3E9 /* Base */ = {isa = PBXFileReference; lastKnownFileType = file.storyboard; name = Base; path = Base.lproj/LaunchScreen.storyboard; sourceTree = "<group>"; };
		3F89DCCB265DE6570041F3E9 /* Info.plist */ = {isa = PBXFileReference; lastKnownFileType = text.plist.xml; path = Info.plist; sourceTree = "<group>"; };
		3F89DCD0265DE6570041F3E9 /* 多种类型菜单Tests.xctest */ = {isa = PBXFileReference; explicitFileType = wrapper.cfbundle; includeInIndex = 0; path = "多种类型菜单Tests.xctest"; sourceTree = BUILT_PRODUCTS_DIR; };
		3F89DCD4265DE6570041F3E9 /* ______Tests.swift */ = {isa = PBXFileReference; lastKnownFileType = sourcecode.swift; path = "______Tests.swift"; sourceTree = "<group>"; };
		3F89DCD6265DE6570041F3E9 /* Info.plist */ = {isa = PBXFileReference; lastKnownFileType = text.plist.xml; path = Info.plist; sourceTree = "<group>"; };
		3F89DCDB265DE6570041F3E9 /* 多种类型菜单UITests.xctest */ = {isa = PBXFileReference; explicitFileType = wrapper.cfbundle; includeInIndex = 0; path = "多种类型菜单UITests.xctest"; sourceTree = BUILT_PRODUCTS_DIR; };
		3F89DCDF265DE6570041F3E9 /* ______UITests.swift */ = {isa = PBXFileReference; lastKnownFileType = sourcecode.swift; path = "______UITests.swift"; sourceTree = "<group>"; };
		3F89DCE1265DE6570041F3E9 /* Info.plist */ = {isa = PBXFileReference; lastKnownFileType = text.plist.xml; path = Info.plist; sourceTree = "<group>"; };
/* End PBXFileReference section */

/* Begin PBXFrameworksBuildPhase section */
		3F89DCB7265DE6560041F3E9 /* Frameworks */ = {
			isa = PBXFrameworksBuildPhase;
			buildActionMask = 2147483647;
			files = (
			);
			runOnlyForDeploymentPostprocessing = 0;
		};
		3F89DCCD265DE6570041F3E9 /* Frameworks */ = {
			isa = PBXFrameworksBuildPhase;
			buildActionMask = 2147483647;
			files = (
			);
			runOnlyForDeploymentPostprocessing = 0;
		};
		3F89DCD8265DE6570041F3E9 /* Frameworks */ = {
			isa = PBXFrameworksBuildPhase;
			buildActionMask = 2147483647;
			files = (
			);
			runOnlyForDeploymentPostprocessing = 0;
		};
/* End PBXFrameworksBuildPhase section */

/* Begin PBXGroup section */
		3F89DCB1265DE6560041F3E9 = {
			isa = PBXGroup;
			children = (
				3F89DCBC265DE6560041F3E9 /* 多种类型菜单 */,
				3F89DCD3265DE6570041F3E9 /* 多种类型菜单Tests */,
				3F89DCDE265DE6570041F3E9 /* 多种类型菜单UITests */,
				3F89DCBB265DE6560041F3E9 /* Products */,
			);
			sourceTree = "<group>";
		};
		3F89DCBB265DE6560041F3E9 /* Products */ = {
			isa = PBXGroup;
			children = (
				3F89DCBA265DE6560041F3E9 /* 多种类型菜单.app */,
				3F89DCD0265DE6570041F3E9 /* 多种类型菜单Tests.xctest */,
				3F89DCDB265DE6570041F3E9 /* 多种类型菜单UITests.xctest */,
			);
			name = Products;
			sourceTree = "<group>";
		};
		3F89DCBC265DE6560041F3E9 /* 多种类型菜单 */ = {
			isa = PBXGroup;
			children = (
				3F89DCBD265DE6570041F3E9 /* AppDelegate.swift */,
				3F89DCBF265DE6570041F3E9 /* SceneDelegate.swift */,
				3F89DCC1265DE6570041F3E9 /* ViewController.swift */,
				3F89DCC3265DE6570041F3E9 /* Main.storyboard */,
				3F89DCC6265DE6570041F3E9 /* Assets.xcassets */,
				3F89DCC8265DE6570041F3E9 /* LaunchScreen.storyboard */,
				3F89DCCB265DE6570041F3E9 /* Info.plist */,
			);
			path = "多种类型菜单";
			sourceTree = "<group>";
		};
		3F89DCD3265DE6570041F3E9 /* 多种类型菜单Tests */ = {
			isa = PBXGroup;
			children = (
				3F89DCD4265DE6570041F3E9 /* ______Tests.swift */,
				3F89DCD6265DE6570041F3E9 /* Info.plist */,
			);
			path = "多种类型菜单Tests";
			sourceTree = "<group>";
		};
		3F89DCDE265DE6570041F3E9 /* 多种类型菜单UITests */ = {
			isa = PBXGroup;
			children = (
				3F89DCDF265DE6570041F3E9 /* ______UITests.swift */,
				3F89DCE1265DE6570041F3E9 /* Info.plist */,
			);
			path = "多种类型菜单UITests";
			sourceTree = "<group>";
		};
/* End PBXGroup section */

/* Begin PBXNativeTarget section */
		3F89DCB9265DE6560041F3E9 /* 多种类型菜单 */ = {
			isa = PBXNativeTarget;
			buildConfigurationList = 3F89DCE4265DE6570041F3E9 /* Build configuration list for PBXNativeTarget "多种类型菜单" */;
			buildPhases = (
				3F89DCB6265DE6560041F3E9 /* Sources */,
				3F89DCB7265DE6560041F3E9 /* Frameworks */,
				3F89DCB8265DE6560041F3E9 /* Resources */,
			);
			buildRules = (
			);
			dependencies = (
			);
			name = "多种类型菜单";
			productName = "多种类型菜单";
			productReference = 3F89DCBA265DE6560041F3E9 /* 多种类型菜单.app */;
			productType = "com.apple.product-type.application";
		};
		3F89DCCF265DE6570041F3E9 /* 多种类型菜单Tests */ = {
			isa = PBXNativeTarget;
			buildConfigurationList = 3F89DCE7265DE6570041F3E9 /* Build configuration list for PBXNativeTarget "多种类型菜单Tests" */;
			buildPhases = (
				3F89DCCC265DE6570041F3E9 /* Sources */,
				3F89DCCD265DE6570041F3E9 /* Frameworks */,
				3F89DCCE265DE6570041F3E9 /* Resources */,
			);
			buildRules = (
			);
			dependencies = (
				3F89DCD2265DE6570041F3E9 /* PBXTargetDependency */,
			);
			name = "多种类型菜单Tests";
			productName = "多种类型菜单Tests";
			productReference = 3F89DCD0265DE6570041F3E9 /* 多种类型菜单Tests.xctest */;
			productType = "com.apple.product-type.bundle.unit-test";
		};
		3F89DCDA265DE6570041F3E9 /* 多种类型菜单UITests */ = {
			isa = PBXNativeTarget;
			buildConfigurationList = 3F89DCEA265DE6570041F3E9 /* Build configuration list for PBXNativeTarget "多种类型菜单UITests" */;
			buildPhases = (
				3F89DCD7265DE6570041F3E9 /* Sources */,
				3F89DCD8265DE6570041F3E9 /* Frameworks */,
				3F89DCD9265DE6570041F3E9 /* Resources */,
			);
			buildRules = (
			);
			dependencies = (
				3F89DCDD265DE6570041F3E9 /* PBXTargetDependency */,
			);
			name = "多种类型菜单UITests";
			productName = "多种类型菜单UITests";
			productReference = 3F89DCDB265DE6570041F3E9 /* 多种类型菜单UITests.xctest */;
			productType = "com.apple.product-type.bundle.ui-testing";
		};
/* End PBXNativeTarget section */

/* Begin PBXProject section */
		3F89DCB2265DE6560041F3E9 /* Project object */ = {
			isa = PBXProject;
			attributes = {
				LastSwiftUpdateCheck = 1240;
				LastUpgradeCheck = 1240;
				TargetAttributes = {
					3F89DCB9265DE6560041F3E9 = {
						CreatedOnToolsVersion = 12.4;
					};
					3F89DCCF265DE6570041F3E9 = {
						CreatedOnToolsVersion = 12.4;
						TestTargetID = 3F89DCB9265DE6560041F3E9;
					};
					3F89DCDA265DE6570041F3E9 = {
						CreatedOnToolsVersion = 12.4;
						TestTargetID = 3F89DCB9265DE6560041F3E9;
					};
				};
			};
			buildConfigurationList = 3F89DCB5265DE6560041F3E9 /* Build configuration list for PBXProject "多种类型菜单" */;
			compatibilityVersion = "Xcode 9.3";
			developmentRegion = en;
			hasScannedForEncodings = 0;
			knownRegions = (
				en,
				Base,
			);
			mainGroup = 3F89DCB1265DE6560041F3E9;
			productRefGroup = 3F89DCBB265DE6560041F3E9 /* Products */;
			projectDirPath = "";
			projectRoot = "";
			targets = (
				3F89DCB9265DE6560041F3E9 /* 多种类型菜单 */,
				3F89DCCF265DE6570041F3E9 /* 多种类型菜单Tests */,
				3F89DCDA265DE6570041F3E9 /* 多种类型菜单UITests */,
			);
		};
/* End PBXProject section */

/* Begin PBXResourcesBuildPhase section */
		3F89DCB8265DE6560041F3E9 /* Resources */ = {
			isa = PBXResourcesBuildPhase;
			buildActionMask = 2147483647;
			files = (
				3F89DCCA265DE6570041F3E9 /* LaunchScreen.storyboard in Resources */,
				3F89DCC7265DE6570041F3E9 /* Assets.xcassets in Resources */,
				3F89DCC5265DE6570041F3E9 /* Main.storyboard in Resources */,
			);
			runOnlyForDeploymentPostprocessing = 0;
		};
		3F89DCCE265DE6570041F3E9 /* Resources */ = {
			isa = PBXResourcesBuildPhase;
			buildActionMask = 2147483647;
			files = (
			);
			runOnlyForDeploymentPostprocessing = 0;
		};
		3F89DCD9265DE6570041F3E9 /* Resources */ = {
			isa = PBXResourcesBuildPhase;
			buildActionMask = 2147483647;
			files = (
			);
			runOnlyForDeploymentPostprocessing = 0;
		};
/* End PBXResourcesBuildPhase section */

/* Begin PBXSourcesBuildPhase section */
		3F89DCB6265DE6560041F3E9 /* Sources */ = {
			isa = PBXSourcesBuildPhase;
			buildActionMask = 2147483647;
			files = (
				3F89DCC2265DE6570041F3E9 /* ViewController.swift in Sources */,
				3F89DCBE265DE6570041F3E9 /* AppDelegate.swift in Sources */,
				3F89DCC0265DE6570041F3E9 /* SceneDelegate.swift in Sources */,
			);
			runOnlyForDeploymentPostprocessing = 0;
		};
		3F89DCCC265DE6570041F3E9 /* Sources */ = {
			isa = PBXSourcesBuildPhase;
			buildActionMask = 2147483647;
			files = (
				3F89DCD5265DE6570041F3E9 /* ______Tests.swift in Sources */,
			);
			runOnlyForDeploymentPostprocessing = 0;
		};
		3F89DCD7265DE6570041F3E9 /* Sources */ = {
			isa = PBXSourcesBuildPhase;
			buildActionMask = 2147483647;
			files = (
				3F89DCE0265DE6570041F3E9 /* ______UITests.swift in Sources */,
			);
			runOnlyForDeploymentPostprocessing = 0;
		};
/* End PBXSourcesBuildPhase section */

/* Begin PBXTargetDependency section */
		3F89DCD2265DE6570041F3E9 /* PBXTargetDependency */ = {
			isa = PBXTargetDependency;
			target = 3F89DCB9265DE6560041F3E9 /* 多种类型菜单 */;
			targetProxy = 3F89DCD1265DE6570041F3E9 /* PBXContainerItemProxy */;
		};
		3F89DCDD265DE6570041F3E9 /* PBXTargetDependency */ = {
			isa = PBXTargetDependency;
			target = 3F89DCB9265DE6560041F3E9 /* 多种类型菜单 */;
			targetProxy = 3F89DCDC265DE6570041F3E9 /* PBXContainerItemProxy */;
		};
/* End PBXTargetDependency section */

/* Begin PBXVariantGroup section */
		3F89DCC3265DE6570041F3E9 /* Main.storyboard */ = {
			isa = PBXVariantGroup;
			children = (
				3F89DCC4265DE6570041F3E9 /* Base */,
			);
			name = Main.storyboard;
			sourceTree = "<group>";
		};
		3F89DCC8265DE6570041F3E9 /* LaunchScreen.storyboard */ = {
			isa = PBXVariantGroup;
			children = (
				3F89DCC9265DE6570041F3E9 /* Base */,
			);
			name = LaunchScreen.storyboard;
			sourceTree = "<group>";
		};
/* End PBXVariantGroup section */

/* Begin XCBuildConfiguration section */
		3F89DCE2265DE6570041F3E9 /* Debug */ = {
			isa = XCBuildConfiguration;
			buildSettings = {
				ALWAYS_SEARCH_USER_PATHS = NO;
				CLANG_ANALYZER_NONNULL = YES;
				CLANG_ANALYZER_NUMBER_OBJECT_CONVERSION = YES_AGGRESSIVE;
				CLANG_CXX_LANGUAGE_STANDARD = "gnu++14";
				CLANG_CXX_LIBRARY = "libc++";
				CLANG_ENABLE_MODULES = YES;
				CLANG_ENABLE_OBJC_ARC = YES;
				CLANG_ENABLE_OBJC_WEAK = YES;
				CLANG_WARN_BLOCK_CAPTURE_AUTORELEASING = YES;
				CLANG_WARN_BOOL_CONVERSION = YES;
				CLANG_WARN_COMMA = YES;
				CLANG_WARN_CONSTANT_CONVERSION = YES;
				CLANG_WARN_DEPRECATED_OBJC_IMPLEMENTATIONS = YES;
				CLANG_WARN_DIRECT_OBJC_ISA_USAGE = YES_ERROR;
				CLANG_WARN_DOCUMENTATION_COMMENTS = YES;
				CLANG_WARN_EMPTY_BODY = YES;
				CLANG_WARN_ENUM_CONVERSION = YES;
				CLANG_WARN_INFINITE_RECURSION = YES;
				CLANG_WARN_INT_CONVERSION = YES;
				CLANG_WARN_NON_LITERAL_NULL_CONVERSION = YES;
				CLANG_WARN_OBJC_IMPLICIT_RETAIN_SELF = YES;
				CLANG_WARN_OBJC_LITERAL_CONVERSION = YES;
				CLANG_WARN_OBJC_ROOT_CLASS = YES_ERROR;
				CLANG_WARN_QUOTED_INCLUDE_IN_FRAMEWORK_HEADER = YES;
				CLANG_WARN_RANGE_LOOP_ANALYSIS = YES;
				CLANG_WARN_STRICT_PROTOTYPES = YES;
				CLANG_WARN_SUSPICIOUS_MOVE = YES;
				CLANG_WARN_UNGUARDED_AVAILABILITY = YES_AGGRESSIVE;
				CLANG_WARN_UNREACHABLE_CODE = YES;
				CLANG_WARN__DUPLICATE_METHOD_MATCH = YES;
				COPY_PHASE_STRIP = NO;
				DEBUG_INFORMATION_FORMAT = dwarf;
				ENABLE_STRICT_OBJC_MSGSEND = YES;
				ENABLE_TESTABILITY = YES;
				GCC_C_LANGUAGE_STANDARD = gnu11;
				GCC_DYNAMIC_NO_PIC = NO;
				GCC_NO_COMMON_BLOCKS = YES;
				GCC_OPTIMIZATION_LEVEL = 0;
				GCC_PREPROCESSOR_DEFINITIONS = (
					"DEBUG=1",
					"$(inherited)",
				);
				GCC_WARN_64_TO_32_BIT_CONVERSION = YES;
				GCC_WARN_ABOUT_RETURN_TYPE = YES_ERROR;
				GCC_WARN_UNDECLARED_SELECTOR = YES;
				GCC_WARN_UNINITIALIZED_AUTOS = YES_AGGRESSIVE;
				GCC_WARN_UNUSED_FUNCTION = YES;
				GCC_WARN_UNUSED_VARIABLE = YES;
				IPHONEOS_DEPLOYMENT_TARGET = 14.4;
				MTL_ENABLE_DEBUG_INFO = INCLUDE_SOURCE;
				MTL_FAST_MATH = YES;
				ONLY_ACTIVE_ARCH = YES;
				SDKROOT = iphoneos;
				SWIFT_ACTIVE_COMPILATION_CONDITIONS = DEBUG;
				SWIFT_OPTIMIZATION_LEVEL = "-Onone";
			};
			name = Debug;
		};
		3F89DCE3265DE6570041F3E9 /* Release */ = {
			isa = XCBuildConfiguration;
			buildSettings = {
				ALWAYS_SEARCH_USER_PATHS = NO;
				CLANG_ANALYZER_NONNULL = YES;
				CLANG_ANALYZER_NUMBER_OBJECT_CONVERSION = YES_AGGRESSIVE;
				CLANG_CXX_LANGUAGE_STANDARD = "gnu++14";
				CLANG_CXX_LIBRARY = "libc++";
				CLANG_ENABLE_MODULES = YES;
				CLANG_ENABLE_OBJC_ARC = YES;
				CLANG_ENABLE_OBJC_WEAK = YES;
				CLANG_WARN_BLOCK_CAPTURE_AUTORELEASING = YES;
				CLANG_WARN_BOOL_CONVERSION = YES;
				CLANG_WARN_COMMA = YES;
				CLANG_WARN_CONSTANT_CONVERSION = YES;
				CLANG_WARN_DEPRECATED_OBJC_IMPLEMENTATIONS = YES;
				CLANG_WARN_DIRECT_OBJC_ISA_USAGE = YES_ERROR;
				CLANG_WARN_DOCUMENTATION_COMMENTS = YES;
				CLANG_WARN_EMPTY_BODY = YES;
				CLANG_WARN_ENUM_CONVERSION = YES;
				CLANG_WARN_INFINITE_RECURSION = YES;
				CLANG_WARN_INT_CONVERSION = YES;
				CLANG_WARN_NON_LITERAL_NULL_CONVERSION = YES;
				CLANG_WARN_OBJC_IMPLICIT_RETAIN_SELF = YES;
				CLANG_WARN_OBJC_LITERAL_CONVERSION = YES;
				CLANG_WARN_OBJC_ROOT_CLASS = YES_ERROR;
				CLANG_WARN_QUOTED_INCLUDE_IN_FRAMEWORK_HEADER = YES;
				CLANG_WARN_RANGE_LOOP_ANALYSIS = YES;
				CLANG_WARN_STRICT_PROTOTYPES = YES;
				CLANG_WARN_SUSPICIOUS_MOVE = YES;
				CLANG_WARN_UNGUARDED_AVAILABILITY = YES_AGGRESSIVE;
				CLANG_WARN_UNREACHABLE_CODE = YES;
				CLANG_WARN__DUPLICATE_METHOD_MATCH = YES;
				COPY_PHASE_STRIP = NO;
				DEBUG_INFORMATION_FORMAT = "dwarf-with-dsym";
				ENABLE_NS_ASSERTIONS = NO;
				ENABLE_STRICT_OBJC_MSGSEND = YES;
				GCC_C_LANGUAGE_STANDARD = gnu11;
				GCC_NO_COMMON_BLOCKS = YES;
				GCC_WARN_64_TO_32_BIT_CONVERSION = YES;
				GCC_WARN_ABOUT_RETURN_TYPE = YES_ERROR;
				GCC_WARN_UNDECLARED_SELECTOR = YES;
				GCC_WARN_UNINITIALIZED_AUTOS = YES_AGGRESSIVE;
				GCC_WARN_UNUSED_FUNCTION = YES;
				GCC_WARN_UNUSED_VARIABLE = YES;
				IPHONEOS_DEPLOYMENT_TARGET = 14.4;
				MTL_ENABLE_DEBUG_INFO = NO;
				MTL_FAST_MATH = YES;
				SDKROOT = iphoneos;
				SWIFT_COMPILATION_MODE = wholemodule;
				SWIFT_OPTIMIZATION_LEVEL = "-O";
				VALIDATE_PRODUCT = YES;
			};
			name = Release;
		};
		3F89DCE5265DE6570041F3E9 /* Debug */ = {
			isa = XCBuildConfiguration;
			buildSettings = {
				ASSETCATALOG_COMPILER_APPICON_NAME = AppIcon;
				ASSETCATALOG_COMPILER_GLOBAL_ACCENT_COLOR_NAME = AccentColor;
				CODE_SIGN_STYLE = Automatic;
				INFOPLIST_FILE = "多种类型菜单/Info.plist";
				LD_RUNPATH_SEARCH_PATHS = (
					"$(inherited)",
					"@executable_path/Frameworks",
				);
				PRODUCT_BUNDLE_IDENTIFIER = "-23456.------";
				PRODUCT_NAME = "$(TARGET_NAME)";
				SWIFT_VERSION = 5.0;
				TARGETED_DEVICE_FAMILY = "1,2";
			};
			name = Debug;
		};
		3F89DCE6265DE6570041F3E9 /* Release */ = {
			isa = XCBuildConfiguration;
			buildSettings = {
				ASSETCATALOG_COMPILER_APPICON_NAME = AppIcon;
				ASSETCATALOG_COMPILER_GLOBAL_ACCENT_COLOR_NAME = AccentColor;
				CODE_SIGN_STYLE = Automatic;
				INFOPLIST_FILE = "多种类型菜单/Info.plist";
				LD_RUNPATH_SEARCH_PATHS = (
					"$(inherited)",
					"@executable_path/Frameworks",
				);
				PRODUCT_BUNDLE_IDENTIFIER = "-23456.------";
				PRODUCT_NAME = "$(TARGET_NAME)";
				SWIFT_VERSION = 5.0;
				TARGETED_DEVICE_FAMILY = "1,2";
			};
			name = Release;
		};
		3F89DCE8265DE6570041F3E9 /* Debug */ = {
			isa = XCBuildConfiguration;
			buildSettings = {
				ALWAYS_EMBED_SWIFT_STANDARD_LIBRARIES = YES;
				BUNDLE_LOADER = "$(TEST_HOST)";
				CODE_SIGN_STYLE = Automatic;
				INFOPLIST_FILE = "多种类型菜单Tests/Info.plist";
				IPHONEOS_DEPLOYMENT_TARGET = 14.4;
				LD_RUNPATH_SEARCH_PATHS = (
					"$(inherited)",
					"@executable_path/Frameworks",
					"@loader_path/Frameworks",
				);
				PRODUCT_BUNDLE_IDENTIFIER = "-23456.------Tests";
				PRODUCT_NAME = "$(TARGET_NAME)";
				SWIFT_VERSION = 5.0;
				TARGETED_DEVICE_FAMILY = "1,2";
				TEST_HOST = "$(BUILT_PRODUCTS_DIR)/多种类型菜单.app/多种类型菜单";
			};
			name = Debug;
		};
		3F89DCE9265DE6570041F3E9 /* Release */ = {
			isa = XCBuildConfiguration;
			buildSettings = {
				ALWAYS_EMBED_SWIFT_STANDARD_LIBRARIES = YES;
				BUNDLE_LOADER = "$(TEST_HOST)";
				CODE_SIGN_STYLE = Automatic;
				INFOPLIST_FILE = "多种类型菜单Tests/Info.plist";
				IPHONEOS_DEPLOYMENT_TARGET = 14.4;
				LD_RUNPATH_SEARCH_PATHS = (
					"$(inherited)",
					"@executable_path/Frameworks",
					"@loader_path/Frameworks",
				);
				PRODUCT_BUNDLE_IDENTIFIER = "-23456.------Tests";
				PRODUCT_NAME = "$(TARGET_NAME)";
				SWIFT_VERSION = 5.0;
				TARGETED_DEVICE_FAMILY = "1,2";
				TEST_HOST = "$(BUILT_PRODUCTS_DIR)/多种类型菜单.app/多种类型菜单";
			};
			name = Release;
		};
		3F89DCEB265DE6570041F3E9 /* Debug */ = {
			isa = XCBuildConfiguration;
			buildSettings = {
				ALWAYS_EMBED_SWIFT_STANDARD_LIBRARIES = YES;
				CODE_SIGN_STYLE = Automatic;
				INFOPLIST_FILE = "多种类型菜单UITests/Info.plist";
				LD_RUNPATH_SEARCH_PATHS = (
					"$(inherited)",
					"@executable_path/Frameworks",
					"@loader_path/Frameworks",
				);
				PRODUCT_BUNDLE_IDENTIFIER = "-23456.------UITests";
				PRODUCT_NAME = "$(TARGET_NAME)";
				SWIFT_VERSION = 5.0;
				TARGETED_DEVICE_FAMILY = "1,2";
				TEST_TARGET_NAME = "多种类型菜单";
			};
			name = Debug;
		};
		3F89DCEC265DE6570041F3E9 /* Release */ = {
			isa = XCBuildConfiguration;
			buildSettings = {
				ALWAYS_EMBED_SWIFT_STANDARD_LIBRARIES = YES;
				CODE_SIGN_STYLE = Automatic;
				INFOPLIST_FILE = "多种类型菜单UITests/Info.plist";
				LD_RUNPATH_SEARCH_PATHS = (
					"$(inherited)",
					"@executable_path/Frameworks",
					"@loader_path/Frameworks",
				);
				PRODUCT_BUNDLE_IDENTIFIER = "-23456.------UITests";
				PRODUCT_NAME = "$(TARGET_NAME)";
				SWIFT_VERSION = 5.0;
				TARGETED_DEVICE_FAMILY = "1,2";
				TEST_TARGET_NAME = "多种类型菜单";
			};
			name = Release;
		};
/* End XCBuildConfiguration section */

/* Begin XCConfigurationList section */
		3F89DCB5265DE6560041F3E9 /* Build configuration list for PBXProject "多种类型菜单" */ = {
			isa = XCConfigurationList;
			buildConfigurations = (
				3F89DCE2265DE6570041F3E9 /* Debug */,
				3F89DCE3265DE6570041F3E9 /* Release */,
			);
			defaultConfigurationIsVisible = 0;
			defaultConfigurationName = Release;
		};
		3F89DCE4265DE6570041F3E9 /* Build configuration list for PBXNativeTarget "多种类型菜单" */ = {
			isa = XCConfigurationList;
			buildConfigurations = (
				3F89DCE5265DE6570041F3E9 /* Debug */,
				3F89DCE6265DE6570041F3E9 /* Release */,
			);
			defaultConfigurationIsVisible = 0;
			defaultConfigurationName = Release;
		};
		3F89DCE7265DE6570041F3E9 /* Build configuration list for PBXNativeTarget "多种类型菜单Tests" */ = {
			isa = XCConfigurationList;
			buildConfigurations = (
				3F89DCE8265DE6570041F3E9 /* Debug */,
				3F89DCE9265DE6570041F3E9 /* Release */,
			);
			defaultConfigurationIsVisible = 0;
			defaultConfigurationName = Release;
		};
		3F89DCEA265DE6570041F3E9 /* Build configuration list for PBXNativeTarget "多种类型菜单UITests" */ = {
			isa = XCConfigurationList;
			buildConfigurations = (
				3F89DCEB265DE6570041F3E9 /* Debug */,
				3F89DCEC265DE6570041F3E9 /* Release */,
			);
			defaultConfigurationIsVisible = 0;
			defaultConfigurationName = Release;
		};
/* End XCConfigurationList section */
	};
	rootObject = 3F89DCB2265DE6560041F3E9 /* Project object */;
}
